# THIS IS AN AUTOGENERATED FILE. DO NOT EDIT THIS FILE DIRECTLY.
# yarn lockfile v1


"@codemirror/autocomplete@^0.19.0":
  version "0.19.3"
  resolved "https://registry.yarnpkg.com/@codemirror/autocomplete/-/autocomplete-0.19.3.tgz#0266ac29617277d2d8cc7dcfb600c1e50c332d35"
  integrity sha512-5juP6hVrHAogzQ0JUTQuibE8j1seqeGNJ98qLUPuliI6kLBg5INS4qvUI1Brqye+wYPFu7UHqrrn13RLh5YSzw==
  dependencies:
    "@codemirror/language" "^0.19.0"
    "@codemirror/state" "^0.19.0"
    "@codemirror/text" "^0.19.2"
    "@codemirror/tooltip" "^0.19.0"
    "@codemirror/view" "^0.19.0"
    "@lezer/common" "^0.15.0"

"@codemirror/commands@^0.19.0":
  version "0.19.5"
  resolved "https://registry.yarnpkg.com/@codemirror/commands/-/commands-0.19.5.tgz#2607b5c12c5c96df2cabce2e43f6285c07cfaf11"
  integrity sha512-8PZOtx7d/GbKhFYA88zs2wINDtaUgj3pEjLYScKTd/Vsyw8qOp86tJQQNnMFTRZj/ISQl9Lbg3aAmHvroMqspw==
  dependencies:
    "@codemirror/language" "^0.19.0"
    "@codemirror/matchbrackets" "^0.19.0"
    "@codemirror/state" "^0.19.2"
    "@codemirror/text" "^0.19.0"
    "@codemirror/view" "^0.19.0"
    "@lezer/common" "^0.15.0"

"@codemirror/comment@^0.19.0":
  version "0.19.0"
  resolved "https://registry.yarnpkg.com/@codemirror/comment/-/comment-0.19.0.tgz#4f23497924e9346898c2e0123011acc535a0bea6"
  integrity sha512-3hqAd0548fxqOBm4khFMcXVIivX8p0bSlbAuZJ6PNoUn/0wXhxkxowPp0FmFzU2+y37Z+ZQF5cRB5EREWPRIiQ==
  dependencies:
    "@codemirror/state" "^0.19.0"
    "@codemirror/text" "^0.19.0"
    "@codemirror/view" "^0.19.0"

"@codemirror/highlight@^0.19.0", "@codemirror/highlight@^0.19.6":
  version "0.19.6"
  resolved "https://registry.yarnpkg.com/@codemirror/highlight/-/highlight-0.19.6.tgz#7f2e066f83f5649e8e0748a3abe0aaeaf64b8ac2"
  integrity sha512-+eibu6on9quY8uN3xJ/n3rH+YIDLlpX7YulVmFvqAIz/ukRQ5tWaBmB7fMixHmnmRIRBRZgB8rNtonuMwZSAHQ==
  dependencies:
    "@codemirror/language" "^0.19.0"
    "@codemirror/rangeset" "^0.19.0"
    "@codemirror/state" "^0.19.0"
    "@codemirror/view" "^0.19.0"
    "@lezer/common" "^0.15.0"
    style-mod "^4.0.0"

"@codemirror/history@^0.19.0":
  version "0.19.0"
  resolved "https://registry.yarnpkg.com/@codemirror/history/-/history-0.19.0.tgz#cc8095c927c9566f7b69fa404074edde4c54d39c"
  integrity sha512-E0H+lncH66IMDhaND9jgkjE7s0dhYfjCPmS+Ig2Yes9I8+UIEecIdObj8c8HPCFGctGg3fxXqRAw2mdHl2Wouw==
  dependencies:
    "@codemirror/state" "^0.19.0"
    "@codemirror/view" "^0.19.0"

"@codemirror/lang-cpp@^0.19.0":
  version "0.19.1"
  resolved "https://registry.yarnpkg.com/@codemirror/lang-cpp/-/lang-cpp-0.19.1.tgz#7b25e85077bf695106d344a2bd790575093a34fb"
  integrity sha512-BGvZkfcqcalAwxocuE9DhH6gqflm5IjL/8mGTzc8bHzeP1N4innK8qo2G69ohEML4LDZv4WyXc3y4C9/zsGCGQ==
  dependencies:
    "@codemirror/highlight" "^0.19.0"
    "@codemirror/language" "^0.19.0"
    "@lezer/cpp" "^0.15.0"

"@codemirror/lang-css@^0.19.0":
  version "0.19.3"
  resolved "https://registry.yarnpkg.com/@codemirror/lang-css/-/lang-css-0.19.3.tgz#7a17adf78c6fcdab4ad5ee4e360631c41e949e4a"
  integrity sha512-tyCUJR42/UlfOPLb94/p7dN+IPsYSIzHbAHP2KQHANj0I+Orqp+IyIOS++M8TuCX4zkWh9dvi8s92yy/Tn8Ifg==
  dependencies:
    "@codemirror/autocomplete" "^0.19.0"
    "@codemirror/highlight" "^0.19.6"
    "@codemirror/language" "^0.19.0"
    "@codemirror/state" "^0.19.0"
    "@lezer/css" "^0.15.2"

"@codemirror/lang-html@^0.19.0":
  version "0.19.3"
  resolved "https://registry.yarnpkg.com/@codemirror/lang-html/-/lang-html-0.19.3.tgz#73ff276efd4b22d28062f70367fd0f638993f36a"
  integrity sha512-QlZN8VhQ+vlOpDMbcfXcG3HiiNeklAfIYnKonPM902SM3nJc4rJ66X9O8mzy0TUDBmew9zaYDubvQcqw7rc5Bg==
  dependencies:
    "@codemirror/autocomplete" "^0.19.0"
    "@codemirror/highlight" "^0.19.6"
    "@codemirror/lang-css" "^0.19.0"
    "@codemirror/lang-javascript" "^0.19.0"
    "@codemirror/language" "^0.19.0"
    "@codemirror/state" "^0.19.0"
    "@lezer/common" "^0.15.0"
    "@lezer/html" "^0.15.0"

"@codemirror/lang-java@^0.19.0":
  version "0.19.1"
  resolved "https://registry.yarnpkg.com/@codemirror/lang-java/-/lang-java-0.19.1.tgz#c6bafabf3e1951d7a6a5bd4670afd277b909608c"
  integrity sha512-yA3kcW2GgY0mC2a9dE+uRxGxPWeykfE/GqEPk4TSmhuU4ndmyDgM5QQP7pgnYSZmv2vKoyf4x7NMg8AF7lKXHQ==
  dependencies:
    "@codemirror/highlight" "^0.19.0"
    "@codemirror/language" "^0.19.0"
    "@lezer/java" "^0.15.0"

"@codemirror/lang-javascript@^0.19.0":
  version "0.19.2"
  resolved "https://registry.yarnpkg.com/@codemirror/lang-javascript/-/lang-javascript-0.19.2.tgz#afefd3154979b825605bed894850a4cea957a4e0"
  integrity sha512-qNFjCSTWOTZ/KusoVx3CxjmNS37DrhVoVO9E1IkrIMVC3tkk8Hs2eA6HNMxT4VGp5O+0yBmf1DE2o5QQSMs0jg==
  dependencies:
    "@codemirror/autocomplete" "^0.19.0"
    "@codemirror/highlight" "^0.19.6"
    "@codemirror/language" "^0.19.0"
    "@codemirror/lint" "^0.19.0"
    "@codemirror/state" "^0.19.0"
    "@codemirror/view" "^0.19.0"
    "@lezer/javascript" "^0.15.0"

"@codemirror/lang-json@^0.19.0":
  version "0.19.1"
  resolved "https://registry.yarnpkg.com/@codemirror/lang-json/-/lang-json-0.19.1.tgz#616588d1422529965243c10af6c44ad0b9134fb0"
  integrity sha512-66K5TT9HO0ODtpjY+3Ub6t3r0OB1d27P+Kl5oygk4tDavHUBpsyHTJRFw/CdeRM2VwjbpBfctGm/cTrSthFDZg==
  dependencies:
    "@codemirror/highlight" "^0.19.0"
    "@codemirror/language" "^0.19.0"
    "@lezer/json" "^0.15.0"

"@codemirror/lang-markdown@^0.19.0":
  version "0.19.1"
  resolved "https://registry.yarnpkg.com/@codemirror/lang-markdown/-/lang-markdown-0.19.1.tgz#4d03378cad8939394b54a991d534c906e779b6b0"
  integrity sha512-J79Y27G7rlDtEEe5ObtRhHeSpyHCClQUEin9D+22jQf41SDdND1f4Qxm2Q5itQGF9IvWBhqbfvSRYfj+1sTZrg==
  dependencies:
    "@codemirror/highlight" "^0.19.0"
    "@codemirror/lang-html" "^0.19.0"
    "@codemirror/language" "^0.19.0"
    "@codemirror/state" "^0.19.0"
    "@codemirror/view" "^0.19.0"
    "@lezer/common" "^0.15.0"
    "@lezer/markdown" "^0.15.0"

"@codemirror/lang-python@^0.19.0":
  version "0.19.2"
  resolved "https://registry.yarnpkg.com/@codemirror/lang-python/-/lang-python-0.19.2.tgz#4c1bdb3bf4632481be7c3bc14cac3a162c9c4fbc"
  integrity sha512-qeDymHL97+pNxFiDrtaMFvd/dActt7sZjebPnrc8T2V1CcBkc2YkcaxEOD5dssM/rQ9dG9LqON/Nbk2fIxcapA==
  dependencies:
    "@codemirror/highlight" "^0.19.0"
    "@codemirror/language" "^0.19.0"
    "@lezer/python" "^0.15.0"

"@codemirror/lang-rust@^0.19.0":
  version "0.19.1"
  resolved "https://registry.yarnpkg.com/@codemirror/lang-rust/-/lang-rust-0.19.1.tgz#3ed1386bbc825ae5dbd09b28f31a9ee4ec0dae86"
  integrity sha512-T/LzRC5bMPvkMg11kr/jnpScqsE68B+F0SYqjyQTzQ+666RhHJICDCSlk7wbIrJi/fagpBwvuAmo2LgQ8dcGsQ==
  dependencies:
    "@codemirror/highlight" "^0.19.0"
    "@codemirror/language" "^0.19.0"
    "@lezer/rust" "^0.15.0"

"@codemirror/lang-sql@^0.19.0":
  version "0.19.3"
  resolved "https://registry.yarnpkg.com/@codemirror/lang-sql/-/lang-sql-0.19.3.tgz#2b31fa5770b50244ac39112ad689e26ba9ad3860"
  integrity sha512-RsWZKx3x6mHgc8MBt1yvzofOmeB+3OXbviZLkoZMUpl1dAzSdeD4uucVFFOYQF9WHgaMDeQy6J45TSIY5PfTYA==
  dependencies:
    "@codemirror/autocomplete" "^0.19.0"
    "@codemirror/highlight" "^0.19.0"
    "@codemirror/language" "^0.19.0"
    "@codemirror/state" "^0.19.0"
    "@lezer/lr" "^0.15.0"

"@codemirror/lang-xml@^0.19.0":
  version "0.19.2"
  resolved "https://registry.yarnpkg.com/@codemirror/lang-xml/-/lang-xml-0.19.2.tgz#877bd064bcd396435c628e476bfccb22d4977a0a"
  integrity sha512-9VIjxvqcH1sk8bmYbxQon0lXhVZgdHdfjGes+e4Akgvb43aMBDNvIQVALwrCb+XMEHTxLUMQtrsBN0G64yCUXw==
  dependencies:
    "@codemirror/autocomplete" "^0.19.0"
    "@codemirror/highlight" "^0.19.6"
    "@codemirror/language" "^0.19.0"
    "@codemirror/state" "^0.19.0"
    "@lezer/common" "^0.15.0"
    "@lezer/xml" "^0.15.0"

"@codemirror/language-data@^0.19.0":
  version "0.19.0"
  resolved "https://registry.yarnpkg.com/@codemirror/language-data/-/language-data-0.19.0.tgz#dde07486da1b008dc3d0d1e9e0ce47f545a0e77e"
  integrity sha512-QuGVAz9vJWZ34ErwO9uNxsrHqFZTROxY1mNU7bfG3XwzI/92N2mjedWGbR3gIKbhnsch/E8Ws4YyfmXDxYTm3A==
  dependencies:
    "@codemirror/lang-cpp" "^0.19.0"
    "@codemirror/lang-css" "^0.19.0"
    "@codemirror/lang-html" "^0.19.0"
    "@codemirror/lang-java" "^0.19.0"
    "@codemirror/lang-javascript" "^0.19.0"
    "@codemirror/lang-json" "^0.19.0"
    "@codemirror/lang-markdown" "^0.19.0"
    "@codemirror/lang-python" "^0.19.0"
    "@codemirror/lang-rust" "^0.19.0"
    "@codemirror/lang-sql" "^0.19.0"
    "@codemirror/lang-xml" "^0.19.0"
    "@codemirror/language" "^0.19.0"
    "@codemirror/legacy-modes" "^0.19.0"
    "@codemirror/stream-parser" "^0.19.0"

"@codemirror/language@^0.19.0":
  version "0.19.3"
  resolved "https://registry.yarnpkg.com/@codemirror/language/-/language-0.19.3.tgz#e4f61555dec0787f757b78348a54a00f3bb23c9c"
  integrity sha512-6vjkRYHRJg/z9wdAk75nU2fQwCJBsh2HpkIjKXIHfzISSgLt5qSDxVhPd8Uu8PD5WMmFFP8tX7I9kdIt873o0A==
  dependencies:
    "@codemirror/state" "^0.19.0"
    "@codemirror/text" "^0.19.0"
    "@codemirror/view" "^0.19.0"
    "@lezer/common" "^0.15.5"
    "@lezer/lr" "^0.15.0"

"@codemirror/legacy-modes@^0.19.0":
  version "0.19.0"
  resolved "https://registry.yarnpkg.com/@codemirror/legacy-modes/-/legacy-modes-0.19.0.tgz#df2f1023f79513d27eabb279b29d253f8b194b02"
  integrity sha512-GSPdBNUeyF3nxJ2lztXGp2UoQjn+ggK5z+Kd4tflziecCG1+8mcdudDgFvxDuaTGWyM34S7Ldb4Xv7/XodZtBA==
  dependencies:
    "@codemirror/stream-parser" "^0.19.0"

"@codemirror/lint@^0.19.0":
  version "0.19.1"
  resolved "https://registry.yarnpkg.com/@codemirror/lint/-/lint-0.19.1.tgz#8035abd867d85b0bcbcea72db0077b2d738c7702"
  integrity sha512-Ef0TnXpF4Q4B+lvBdgHexe1dHbvkKBvBHsLB8HwTYffwjekg1YvEM+6zyjyjG9m6s1Ru0VaCNlNwotLaVZjHGQ==
  dependencies:
    "@codemirror/panel" "^0.19.0"
    "@codemirror/state" "^0.19.0"
    "@codemirror/tooltip" "^0.19.0"
    "@codemirror/view" "^0.19.0"
    crelt "^1.0.5"

"@codemirror/matchbrackets@^0.19.0":
  version "0.19.2"
  resolved "https://registry.yarnpkg.com/@codemirror/matchbrackets/-/matchbrackets-0.19.2.tgz#34369f5b37939b91cefb0c856f4a363b7814d670"
  integrity sha512-gei8qArf0dQsItYRe1153CCtYIoPNHvFICUz3/QLgEit2gAhmGIGH713nSDDYCyNoPGnJmfomaAsmGO8E9uLyg==
  dependencies:
    "@codemirror/language" "^0.19.0"
    "@codemirror/state" "^0.19.0"
    "@codemirror/view" "^0.19.0"
    "@lezer/common" "^0.15.0"

"@codemirror/panel@^0.19.0":
  version "0.19.0"
  resolved "https://registry.yarnpkg.com/@codemirror/panel/-/panel-0.19.0.tgz#18c7a253a7a1ef686bece1ef13ec0e5eb6603265"
  integrity sha512-LJuu49xnuhaAztlhnLJQ57ddOirSyf8/lnl7twsQUG/05RkxodBZ9F7q8r5AOLqOkaQOy9WySEKX1Ur8lD9Q5w==
  dependencies:
    "@codemirror/state" "^0.19.0"
    "@codemirror/view" "^0.19.0"

"@codemirror/rangeset@^0.19.0":
  version "0.19.1"
  resolved "https://registry.yarnpkg.com/@codemirror/rangeset/-/rangeset-0.19.1.tgz#03ab6f93fb60d9ba98f810b98ed9471cba1e3854"
  integrity sha512-WaKTEw8JB/3QFlQzpdgRoklopcWvG8O/Xp+rxxOfFKYTaeaejpY/tjpyBBg+Ea65Ka3m7+pPp9d5j/oR2rd9NA==
  dependencies:
    "@codemirror/state" "^0.19.0"

"@codemirror/state@^0.19.0", "@codemirror/state@^0.19.2":
  version "0.19.2"
  resolved "https://registry.yarnpkg.com/@codemirror/state/-/state-0.19.2.tgz#81de81f89e87b9362b8bc6d51135637dddd4d33d"
  integrity sha512-dDqCrtkb0c/LYUlvQBLyLfkISEskbZnhvBbcVOF4j2AusJ1ptJ3EGMxBL9G16GP1TOdC1T613gA1J1qc3pbfGQ==
  dependencies:
    "@codemirror/text" "^0.19.0"

"@codemirror/stream-parser@^0.19.0":
  version "0.19.2"
  resolved "https://registry.yarnpkg.com/@codemirror/stream-parser/-/stream-parser-0.19.2.tgz#793428e55aa7b9daa64cb733973e5d5e3d9a2306"
  integrity sha512-hBKRQlyu8GUOrY33xZ6/1kAfNZ8ZUm6cX9a7mPx8zAAqnpz/fpksC/qJRrkg1mPMBwxm+JG4fqAwDGJ3gLVniQ==
  dependencies:
    "@codemirror/highlight" "^0.19.0"
    "@codemirror/language" "^0.19.0"
    "@codemirror/state" "^0.19.0"
    "@codemirror/text" "^0.19.0"
    "@lezer/common" "^0.15.0"
    "@lezer/lr" "^0.15.0"

"@codemirror/text@^0.19.0", "@codemirror/text@^0.19.2":
  version "0.19.3"
  resolved "https://registry.yarnpkg.com/@codemirror/text/-/text-0.19.3.tgz#c00d86c7bb28360aa8e94beff815586fbda8fd43"
  integrity sha512-A0HBPZRwQ72XVMN1tg/pVUnvS5CKboBeHZE7cylYw0ljx9eX+NoYaK7apPSJO/Fwh9XhH9m8Va06EGc11VOzUw==

"@codemirror/tooltip@^0.19.0":
  version "0.19.2"
  resolved "https://registry.yarnpkg.com/@codemirror/tooltip/-/tooltip-0.19.2.tgz#a8f6b703edb64748106e136ec1f099a981a3f1d4"
  integrity sha512-FMMGGLrr62Ck54NEz8yTGpgo8ihobAsC3sbeQg+OpY4jv9dt1yIP5B9LzsIV+TXQB57JZQZxtTqzkhnFq76haw==
  dependencies:
    "@codemirror/state" "^0.19.0"
    "@codemirror/view" "^0.19.0"

"@codemirror/view@^0.19.0":
  version "0.19.8"
  resolved "https://registry.yarnpkg.com/@codemirror/view/-/view-0.19.8.tgz#2de5965419582712ca1f268cd549148a29e32fb0"
  integrity sha512-bhjLn1fYYpd49sLDuZ+oqFBQQh04eyskHUZQJL/7ZBl+RZ5L973yX/cybZfRG/O38NQASTv2Uug5xlPjcFUJWQ==
  dependencies:
    "@codemirror/rangeset" "^0.19.0"
    "@codemirror/state" "^0.19.2"
    "@codemirror/text" "^0.19.0"
    style-mod "^4.0.0"
    w3c-keyname "^2.2.4"

"@lezer/common@^0.15.0", "@lezer/common@^0.15.5":
  version "0.15.5"
  resolved "https://registry.yarnpkg.com/@lezer/common/-/common-0.15.5.tgz#29266bdd335b650e58efeb25c789b32e0dcdddfa"
  integrity sha512-ufcjclusHXGdhp4gSPbPD7sUd38SgOej7m5tAEuG2tNPzqzV0d1vwwLh57R6IwW79ml2mb3tUjAoDfqI7v1HEw==

"@lezer/cpp@^0.15.0":
  version "0.15.0"
  resolved "https://registry.yarnpkg.com/@lezer/cpp/-/cpp-0.15.0.tgz#b918e4d1f214e24c4cb50af78a35cbd827d566f5"
  integrity sha512-IXX79VTsV/kxDyxzr2XogSobaj4hVXm8cp24oOoB3DzcGu+6X3VVVNOWo/I8Mg1U42OCPGGHrjZU1hmDjrl6BA==
  dependencies:
    "@lezer/lr" "^0.15.0"

"@lezer/css@^0.15.2":
  version "0.15.2"
  resolved "https://registry.yarnpkg.com/@lezer/css/-/css-0.15.2.tgz#e96995da67df90bb4b191aaa8a486349cca5d8e7"
  integrity sha512-tnMOMZY0Zs6JQeVjqfmREYMV0GnmZR1NitndLWioZMD6mA7VQF/PPKPmJX1f+ZgVZQc5Am0df9mX3aiJnNJlKQ==
  dependencies:
    "@lezer/lr" "^0.15.0"

"@lezer/html@^0.15.0":
  version "0.15.0"
  resolved "https://registry.yarnpkg.com/@lezer/html/-/html-0.15.0.tgz#572c9444bc39c1afc0529a70e089abf7254edf5d"
  integrity sha512-ErmgP/Vv0AhYJvs/Ekb9oue4IzBHemKLi7K8tJ0jgS+20Y8FGC9foK6knCXtEHqdPaxVGQH9PVp7gecLnzLd9Q==
  dependencies:
    "@lezer/lr" "^0.15.0"

"@lezer/java@^0.15.0":
  version "0.15.0"
  resolved "https://registry.yarnpkg.com/@lezer/java/-/java-0.15.0.tgz#44da269cca36a9af1ad5c862552b2f2bf5847589"
  integrity sha512-Od2Ugo93XjLxCIEKlrwJfacmSMd7lEnkVQgBjMsZofjwEKZ2Y2ue6URntMFFiftTlNXbE29vYbweWYluEq+Cdw==
  dependencies:
    "@lezer/lr" "^0.15.0"

"@lezer/javascript@^0.15.0":
  version "0.15.0"
  resolved "https://registry.yarnpkg.com/@lezer/javascript/-/javascript-0.15.0.tgz#0033be1ff814c0d448e992cc3e0285b8b296135e"
  integrity sha512-euFjbbyYmxpBls9FyBAKnGLEjaMFqfHvhfueA7M1PitZdieHu8KSblutmcwjpWKIV4eH4uElMZO2cPVe0aFxXA==
  dependencies:
    "@lezer/lr" "^0.15.0"

"@lezer/json@^0.15.0":
  version "0.15.0"
  resolved "https://registry.yarnpkg.com/@lezer/json/-/json-0.15.0.tgz#b96c1161eb8514e05f4eaaec95c68376e76e539f"
  integrity sha512-OsMjjBkTkeQ15iMCu5U1OiBubRC4V9Wm03zdIlUgNZ20aUPx5DWDRqUc5wG41JXVSj7Lxmo+idlFCfBBdxB8sw==
  dependencies:
    "@lezer/lr" "^0.15.0"

"@lezer/lr@^0.15.0":
  version "0.15.3"
  resolved "https://registry.yarnpkg.com/@lezer/lr/-/lr-0.15.3.tgz#b4be187e772654ebe84665509efc2f7ad2cdce8c"
  integrity sha512-ooTxk6IAoMh5iUvh4iCpg4lazmMHDjyJthBeM9oS1DGVpqueTSUGzk5j4IHGTmUbKKTIWVGoEm/AYEgJt0+wVA==
  dependencies:
    "@lezer/common" "^0.15.0"

"@lezer/markdown@^0.15.0":
  version "0.15.0"
  resolved "https://registry.yarnpkg.com/@lezer/markdown/-/markdown-0.15.0.tgz#efd7ccb8f0c22baa707db74e29010e93d34cbb9c"
  integrity sha512-uaCWymcUIvVr7jxDki0V4wGOcSasFt9H8cS/tgk7FAHUpq622rCkmRgGpv8DtN74yNlShcl1jhdyoRhop1f69g==
  dependencies:
    "@lezer/common" "^0.15.0"

"@lezer/python@^0.15.0":
  version "0.15.0"
  resolved "https://registry.yarnpkg.com/@lezer/python/-/python-0.15.0.tgz#cdaff609efdba9586ed7e0b383edd570b18427f2"
  integrity sha512-KkbNfjLZCs/Ibx+3mekGu31qz+zCVkXHL+oNftRxB/lsINlz25SURR5z6wb94JpJt0yDFCEtn/2siAUybLOXiA==
  dependencies:
    "@lezer/lr" "^0.15.0"

"@lezer/rust@^0.15.0":
  version "0.15.0"
  resolved "https://registry.yarnpkg.com/@lezer/rust/-/rust-0.15.0.tgz#ddf89cae9d01c46f583162cff4ac71d1b39c1c0f"
  integrity sha512-vq7P0P9478Y4J0cKuwChNJjoZBNERyqBJ4wG94gYORKqXmUei/GtIAxu1Ei24BJRPrVHrg0NmC6daFd+i1re1Q==
  dependencies:
    "@lezer/lr" "^0.15.0"

"@lezer/xml@^0.15.0":
  version "0.15.0"
  resolved "https://registry.yarnpkg.com/@lezer/xml/-/xml-0.15.0.tgz#a5bd1e141e88cf13b90a28da72ec72dfff739bb8"
  integrity sha512-VQtA2EC/NhtEQEPCJ/Mppon30PyAxz1cjgB7BcuU9k51ifC3ZP73JUQTR2YhAd1/XXrmv5Rm1eqiaCfFAY9Hww==
  dependencies:
    "@lezer/lr" "^0.15.0"

crelt@^1.0.5:
  version "1.0.5"
  resolved "https://registry.yarnpkg.com/crelt/-/crelt-1.0.5.tgz#57c0d52af8c859e354bace1883eb2e1eb182bb94"
  integrity sha512-+BO9wPPi+DWTDcNYhr/W90myha8ptzftZT+LwcmUbbok0rcP/fequmFYCw8NMoH7pkAZQzU78b3kYrlua5a9eA==

esbuild@^0.12.17:
  version "0.12.29"
  resolved "https://registry.yarnpkg.com/esbuild/-/esbuild-0.12.29.tgz#be602db7c4dc78944a9dbde0d1ea19d36c1f882d"
  integrity sha512-w/XuoBCSwepyiZtIRsKsetiLDUVGPVw1E/R3VTFSecIy8UR7Cq3SOtwKHJMFoVqqVG36aGkzh4e8BvpO1Fdc7g==

fsevents@~2.3.2:
  version "2.3.2"
  resolved "https://registry.yarnpkg.com/fsevents/-/fsevents-2.3.2.tgz#8a526f78b8fdf4623b709e0b975c52c24c02fd1a"
  integrity sha512-xiqMQR4xAeHTuB9uWm+fFRcIOgKBMiOBP+eXiyT7jsgVCq1bkVygt00oASowB7EdtpOHaaPgKt812P9ab+DDKA==

function-bind@^1.1.1:
  version "1.1.1"
  resolved "https://registry.yarnpkg.com/function-bind/-/function-bind-1.1.1.tgz#a56899d3ea3c9bab874bb9773b7c5ede92f4895d"
  integrity sha512-yIovAzMX49sF8Yl58fSCWJ5svSLuaibPxXQJFLmBObTuCr0Mf1KiPopGM9NiFjiYBCbfaa2Fh6breQ6ANVTI0A==

has@^1.0.3:
  version "1.0.3"
  resolved "https://registry.yarnpkg.com/has/-/has-1.0.3.tgz#722d7cbfc1f6aa8241f16dd814e011e1f41e8796"
  integrity sha512-f2dvO0VU6Oej7RkWJGrehjbzMAjFp5/VKPp5tTpWIV4JHHZK1/BxbFRtf/siA2SWTe09caDmVtYYzWEIbBS4zw==
  dependencies:
    function-bind "^1.1.1"

is-core-module@^2.2.0:
  version "2.6.0"
  resolved "https://registry.yarnpkg.com/is-core-module/-/is-core-module-2.6.0.tgz#d7553b2526fe59b92ba3e40c8df757ec8a709e19"
  integrity sha512-wShG8vs60jKfPWpF2KZRaAtvt3a20OAn7+IJ6hLPECpSABLcKtFKTTI4ZtH5QcBruBHlq+WsdHWyz0BCZW7svQ==
  dependencies:
    has "^1.0.3"

nanocolors@^0.2.2:
  version "0.2.9"
  resolved "https://registry.yarnpkg.com/nanocolors/-/nanocolors-0.2.9.tgz#319c5e7a73571abd60e4d273150c2cb95017ac5b"
  integrity sha512-aymgS4Xe0LMqHOHl7jSUEkFh/6O/pcF0j61dBtreQZ1nmbyYdYjSYSJzz0iPLbKPkMtSmdRgyBGywNZGjKOEfw==

nanoid@^3.1.25:
  version "3.1.28"
  resolved "https://registry.yarnpkg.com/nanoid/-/nanoid-3.1.28.tgz#3c01bac14cb6c5680569014cc65a2f26424c6bd4"
  integrity sha512-gSu9VZ2HtmoKYe/lmyPFES5nknFrHa+/DT9muUFWFMi6Jh9E1I7bkvlQ8xxf1Kos9pi9o8lBnIOkatMhKX/YUw==

path-parse@^1.0.6:
  version "1.0.7"
  resolved "https://registry.yarnpkg.com/path-parse/-/path-parse-1.0.7.tgz#fbc114b60ca42b30d9daf5858e4bd68bbedb6735"
  integrity sha512-LDJzPVEEEPR+y48z93A0Ed0yXb8pAByGWo/k5YYdYgpY2/2EsOsksJrq7lOHxryrVOn1ejG6oAp8ahvOIQD8sw==

postcss@^8.3.6:
  version "8.3.8"
  resolved "https://registry.yarnpkg.com/postcss/-/postcss-8.3.8.tgz#9ebe2a127396b4b4570ae9f7770e7fb83db2bac1"
  integrity sha512-GT5bTjjZnwDifajzczOC+r3FI3Cu+PgPvrsjhQdRqa2kTJ4968/X9CUce9xttIB0xOs5c6xf0TCWZo/y9lF6bA==
  dependencies:
    nanocolors "^0.2.2"
    nanoid "^3.1.25"
    source-map-js "^0.6.2"

resolve@^1.20.0:
  version "1.20.0"
  resolved "https://registry.yarnpkg.com/resolve/-/resolve-1.20.0.tgz#629a013fb3f70755d6f0b7935cc1c2c5378b1975"
  integrity sha512-wENBPt4ySzg4ybFQW2TT1zMQucPK95HSh/nq2CFTZVOGut2+pQvSsgtda4d26YrYcr067wjbmzOG8byDPBX63A==
  dependencies:
    is-core-module "^2.2.0"
    path-parse "^1.0.6"

rollup@^2.38.5:
  version "2.57.0"
  resolved "https://registry.yarnpkg.com/rollup/-/rollup-2.57.0.tgz#c1694475eb22e1022477c0f4635fd0ac80713173"
  integrity sha512-bKQIh1rWKofRee6mv8SrF2HdP6pea5QkwBZSMImJysFj39gQuiV8MEPBjXOCpzk3wSYp63M2v2wkWBmFC8O/rg==
  optionalDependencies:
    fsevents "~2.3.2"

source-map-js@^0.6.2:
  version "0.6.2"
  resolved "https://registry.yarnpkg.com/source-map-js/-/source-map-js-0.6.2.tgz#0bb5de631b41cfbda6cfba8bd05a80efdfd2385e"
  integrity sha512-/3GptzWzu0+0MBQFrDKzw/DvvMTUORvgY6k6jd/VS6iCR4RDTKWH6v6WPwQoUO8667uQEf9Oe38DxAYWY5F/Ug==

style-mod@^4.0.0:
  version "4.0.0"
  resolved "https://registry.yarnpkg.com/style-mod/-/style-mod-4.0.0.tgz#97e7c2d68b592975f2ca7a63d0dd6fcacfe35a01"
  integrity sha512-OPhtyEjyyN9x3nhPsu76f52yUGXiZcgvsrFVtvTkyGRQJ0XK+GPc6ov1z+lRpbeabka+MYEQxOYRnt5nF30aMw==

typescript@^4.4.3:
  version "4.4.3"
  resolved "https://registry.yarnpkg.com/typescript/-/typescript-4.4.3.tgz#bdc5407caa2b109efd4f82fe130656f977a29324"
  integrity sha512-4xfscpisVgqqDfPaJo5vkd+Qd/ItkoagnHpufr+i2QCHBsNYp+G7UAoyFl8aPtx879u38wPV65rZ8qbGZijalA==

vite@^2.5.10:
  version "2.5.10"
  resolved "https://registry.yarnpkg.com/vite/-/vite-2.5.10.tgz#c598e3b5a7e1956ffc52eb3b3420d177fc2ed2a5"
  integrity sha512-0ObiHTi5AHyXdJcvZ67HMsDgVpjT5RehvVKv6+Q0jFZ7zDI28PF5zK9mYz2avxdA+4iJMdwCz6wnGNnn4WX5Gg==
  dependencies:
    esbuild "^0.12.17"
    postcss "^8.3.6"
    resolve "^1.20.0"
    rollup "^2.38.5"
  optionalDependencies:
    fsevents "~2.3.2"

w3c-keyname@^2.2.4:
  version "2.2.4"
  resolved "https://registry.yarnpkg.com/w3c-keyname/-/w3c-keyname-2.2.4.tgz#4ade6916f6290224cdbd1db8ac49eab03d0eef6b"
  integrity sha512-tOhfEwEzFLJzf6d1ZPkYfGj+FWhIpBux9ppoP3rlclw3Z0BZv3N7b7030Z1kYth+6rDuAsXUFr+d0VE6Ed1ikw==
