# THIS IS AN AUTOGENERATED FILE. DO NOT EDIT THIS FILE DIRECTLY.
# yarn lockfile v1


"@codemirror/autocomplete@^0.18.0":
  version "0.18.8"
  resolved "https://registry.yarnpkg.com/@codemirror/autocomplete/-/autocomplete-0.18.8.tgz#e82847071bd28029356055a498492659911c70a2"
  integrity sha512-Va1Q763Vu/rVmIazru/ZnO2kkWVq6SlmMEjeD0qmxLAypyP6j/QNdpmaPDI1qb/+Mb9VFZBbac6a0aLTTi8qxQ==
  dependencies:
    "@codemirror/language" "^0.18.0"
    "@codemirror/state" "^0.18.0"
    "@codemirror/text" "^0.18.0"
    "@codemirror/tooltip" "^0.18.4"
    "@codemirror/view" "^0.18.0"
    lezer-tree "^0.13.0"

"@codemirror/commands@^0.18.0":
  version "0.18.3"
  resolved "https://registry.yarnpkg.com/@codemirror/commands/-/commands-0.18.3.tgz#56283873fae9dd0c937da7dd0af5eadc9b378e9c"
  integrity sha512-nHYDG13qOirioXTAKmjl10W2L0eZ1ftvmTwvUTNY27UWVBPFSpk5zDXP3WqJ0mgMhQ4AOFLJaTjJEO3hmPComg==
  dependencies:
    "@codemirror/language" "^0.18.0"
    "@codemirror/matchbrackets" "^0.18.0"
    "@codemirror/state" "^0.18.0"
    "@codemirror/text" "^0.18.0"
    "@codemirror/view" "^0.18.0"
    lezer-tree "^0.13.0"

"@codemirror/comment@^0.18.0":
  version "0.18.1"
  resolved "https://registry.yarnpkg.com/@codemirror/comment/-/comment-0.18.1.tgz#e39c8b6937b86852246decb3441683c66b03abf4"
  integrity sha512-Inhqs0F24WE28Fcp1dBZghwixBGv1HDwY9MjE0d5tpMY/IPGI6uT30fGyHAXrir6hUqk7eJRkO4UYnODGOnoIA==
  dependencies:
    "@codemirror/state" "^0.18.0"
    "@codemirror/text" "^0.18.0"
    "@codemirror/view" "^0.18.0"

"@codemirror/highlight@^0.18.0", "@codemirror/highlight@^0.18.3", "@codemirror/highlight@^0.18.4":
  version "0.18.4"
  resolved "https://registry.yarnpkg.com/@codemirror/highlight/-/highlight-0.18.4.tgz#83dfd402d7cbfe67dc9d0cb93a25755321014829"
  integrity sha512-3azJntqWrShOIq/0kVcdMc9k7ACL0LQErgK+A6aWXmCj5Mx0gShq+Iajy8AMQ2zB0v3nhCBgFaniL1LLD5m5hQ==
  dependencies:
    "@codemirror/language" "^0.18.0"
    "@codemirror/rangeset" "^0.18.0"
    "@codemirror/state" "^0.18.0"
    "@codemirror/view" "^0.18.0"
    lezer-tree "^0.13.0"
    style-mod "^4.0.0"

"@codemirror/history@^0.18.1":
  version "0.18.1"
  resolved "https://registry.yarnpkg.com/@codemirror/history/-/history-0.18.1.tgz#853cde4b138b172235d58f945871f0fc08b7310a"
  integrity sha512-Aad3p4zs6UYKCUMXYjh7cvPK0ajuL+rMib9yBZ61w81LLl6OkM31Xrn9J6CLJmPxCwP3OJFiqBmNSBQ05oIsTw==
  dependencies:
    "@codemirror/state" "^0.18.3"
    "@codemirror/view" "^0.18.0"

"@codemirror/lang-cpp@^0.18.0":
  version "0.18.0"
  resolved "https://registry.yarnpkg.com/@codemirror/lang-cpp/-/lang-cpp-0.18.0.tgz#b9c91d85688cb49603c4307dd71041b363c26c85"
  integrity sha512-YWUXBtM1yPZmWz+CvLjz6JjKALq90hGSgFgWgOYJDHd92YZIQ7DjImaeZaKHFTG1ZE8RACoQzznPcG5XMGbgWQ==
  dependencies:
    "@codemirror/highlight" "^0.18.0"
    "@codemirror/language" "^0.18.0"
    lezer-cpp "^0.13.0"

"@codemirror/lang-css@^0.18.0":
  version "0.18.0"
  resolved "https://registry.yarnpkg.com/@codemirror/lang-css/-/lang-css-0.18.0.tgz#f82e7d38bd84da8ffa73188f7a268aba00e63737"
  integrity sha512-kkU4Ug387eJoCTDDkMbXrcPBMiJ0lFWbvDaFHIuJtrMgDXJzSQ/ehx6Ife5PUBfuLU/x1JQUBdmXhW1TJzfHug==
  dependencies:
    "@codemirror/autocomplete" "^0.18.0"
    "@codemirror/highlight" "^0.18.0"
    "@codemirror/language" "^0.18.0"
    "@codemirror/state" "^0.18.0"
    lezer-css "^0.13.0"

"@codemirror/lang-html@^0.18.0":
  version "0.18.1"
  resolved "https://registry.yarnpkg.com/@codemirror/lang-html/-/lang-html-0.18.1.tgz#2ca70a2559a120c9d3e5e2a46268fc979256de28"
  integrity sha512-NF/QkSiGiDQGF99x/gcr1oybLQRqspQ+N8HH1SSihkKjmrQBOi7yZ4jUHAmmDEU43ujDqueGZfdqg0WhyOx2CA==
  dependencies:
    "@codemirror/autocomplete" "^0.18.0"
    "@codemirror/highlight" "^0.18.0"
    "@codemirror/lang-css" "^0.18.0"
    "@codemirror/lang-javascript" "^0.18.0"
    "@codemirror/language" "^0.18.0"
    "@codemirror/state" "^0.18.0"
    lezer-html "^0.13.5"
    lezer-tree "^0.13.0"

"@codemirror/lang-java@^0.18.0":
  version "0.18.0"
  resolved "https://registry.yarnpkg.com/@codemirror/lang-java/-/lang-java-0.18.0.tgz#fa74c765dc0761857b138a865e8af8379e87272e"
  integrity sha512-+lPhCEfwZ+3L39cRNbeRFm/bDbHHAnz/7t+OIVdjD7tsXrOtmJw98B8Te1ICINKd02ot0QBvuCN3/KQUd0RZuQ==
  dependencies:
    "@codemirror/highlight" "^0.18.0"
    "@codemirror/language" "^0.18.0"
    lezer-java "^0.13.0"

"@codemirror/lang-javascript@^0.18.0":
  version "0.18.0"
  resolved "https://registry.yarnpkg.com/@codemirror/lang-javascript/-/lang-javascript-0.18.0.tgz#e077b6601a076e1b4471c06ffc2b77dce8815c0e"
  integrity sha512-4KOkwXED9v39c17pIWoy+WKrNAYaKnAR/RRF8QZIqpuYjnMwGTe7GxMKKdq7E557fGzCVr7m34Qy7Gkhr5B41g==
  dependencies:
    "@codemirror/autocomplete" "^0.18.0"
    "@codemirror/highlight" "^0.18.0"
    "@codemirror/language" "^0.18.0"
    "@codemirror/lint" "^0.18.0"
    "@codemirror/state" "^0.18.0"
    "@codemirror/view" "^0.18.0"
    lezer-javascript "^0.13.0"

"@codemirror/lang-json@^0.18.0":
  version "0.18.0"
  resolved "https://registry.yarnpkg.com/@codemirror/lang-json/-/lang-json-0.18.0.tgz#775f2dc95039a86fe3e6e55e4467e10c2ecae414"
  integrity sha512-1xquwhwrocZEcURmccMYk1C3g2oj6mu0np1LT1dDGmvd/VVXC0Z9j6NV78zCSyJCIdL2y+RRBh4LVWW6J6NU6Q==
  dependencies:
    "@codemirror/highlight" "^0.18.0"
    "@codemirror/language" "^0.18.0"
    lezer-json "^0.13.0"

"@codemirror/lang-markdown@^0.18.0", "@codemirror/lang-markdown@^0.18.3":
  version "0.18.4"
  resolved "https://registry.yarnpkg.com/@codemirror/lang-markdown/-/lang-markdown-0.18.4.tgz#69cf816a67d10875967428c1f6296c8d01538745"
  integrity sha512-2f9frJehGlcUjbaZ17Nmsukrob/wT371sxIlXq71RVlZSyt6D665LcKXWMqHmUdg11BeuMU/A7eRfmUed984pQ==
  dependencies:
    "@codemirror/highlight" "^0.18.4"
    "@codemirror/lang-html" "^0.18.0"
    "@codemirror/language" "^0.18.1"
    "@codemirror/state" "^0.18.0"
    "@codemirror/view" "^0.18.0"
    lezer-markdown "^0.14.3"
    lezer-tree "^0.13.0"

"@codemirror/lang-python@^0.18.0":
  version "0.18.1"
  resolved "https://registry.yarnpkg.com/@codemirror/lang-python/-/lang-python-0.18.1.tgz#0fe6b23a0b46f223d956151ad9d69b3f356e4f94"
  integrity sha512-qvlacd/sVb7ZZ4wTkOyWDL2P/OU98peChCvZRNyk8+w4bLHWfljoJRmiTGpZCdiwQtPq4IkEOl+xC/K8W0Sqig==
  dependencies:
    "@codemirror/highlight" "^0.18.0"
    "@codemirror/language" "^0.18.0"
    lezer-python "^0.13.0"

"@codemirror/lang-rust@^0.18.0":
  version "0.18.0"
  resolved "https://registry.yarnpkg.com/@codemirror/lang-rust/-/lang-rust-0.18.0.tgz#0a605cf7f1fd43d145723e1b6c9514fbaf6e4aac"
  integrity sha512-qlzSzDmiUr4UsgQvyRSchMC4xZGX/1FfsikWOC/NL4m7peqlZLWrvzve0z/WNsLvbEC/E+GiiftxdUsqFYsJAg==
  dependencies:
    "@codemirror/highlight" "^0.18.0"
    "@codemirror/language" "^0.18.0"
    lezer-rust "^0.13.0"

"@codemirror/lang-sql@^0.18.0":
  version "0.18.0"
  resolved "https://registry.yarnpkg.com/@codemirror/lang-sql/-/lang-sql-0.18.0.tgz#30bd5662267b0f59f69ac6d8694561c5f72cb670"
  integrity sha512-jNzpfiZLo0vTv/7KoJ7mzukuDhUSh3p1csR8ZXhZolEhp9bXyN4BwravbfoiiAdsiX9N8w65yd03EIlBUL0zHQ==
  dependencies:
    "@codemirror/autocomplete" "^0.18.0"
    "@codemirror/highlight" "^0.18.0"
    "@codemirror/language" "^0.18.0"
    "@codemirror/state" "^0.18.0"
    lezer "^0.13.0"

"@codemirror/lang-xml@^0.18.0":
  version "0.18.0"
  resolved "https://registry.yarnpkg.com/@codemirror/lang-xml/-/lang-xml-0.18.0.tgz#bd45d7207e184dce6e0880088ab698512afc5cbe"
  integrity sha512-zME4OKbi1oXFhCslUW2VxIPTJFUb102ZOxszzlYbqtwuxXZFAhf/273Wy3C2diAcILRySO7Pv1qxTPnoIsJYYg==
  dependencies:
    "@codemirror/autocomplete" "^0.18.0"
    "@codemirror/highlight" "^0.18.0"
    "@codemirror/language" "^0.18.0"
    "@codemirror/state" "^0.18.0"
    lezer-tree "^0.13.0"
    lezer-xml "^0.13.0"

"@codemirror/language-data@^0.18.0":
  version "0.18.0"
  resolved "https://registry.yarnpkg.com/@codemirror/language-data/-/language-data-0.18.0.tgz#b3628b492acbd5175d88ba826eb8a8e07aa54637"
  integrity sha512-tmdBV7KInrz/F4PSyy0CKOueETwuFxLnfa9KKPyhG8BbvwjriXAJalMvV4udRCq0AcpNej3ifzAitNtL+vW11A==
  dependencies:
    "@codemirror/lang-cpp" "^0.18.0"
    "@codemirror/lang-css" "^0.18.0"
    "@codemirror/lang-html" "^0.18.0"
    "@codemirror/lang-java" "^0.18.0"
    "@codemirror/lang-javascript" "^0.18.0"
    "@codemirror/lang-json" "^0.18.0"
    "@codemirror/lang-markdown" "^0.18.0"
    "@codemirror/lang-python" "^0.18.0"
    "@codemirror/lang-rust" "^0.18.0"
    "@codemirror/lang-sql" "^0.18.0"
    "@codemirror/lang-xml" "^0.18.0"
    "@codemirror/language" "^0.18.0"
    "@codemirror/legacy-modes" "^0.18.0"
    "@codemirror/stream-parser" "^0.18.0"

"@codemirror/language@^0.18.0", "@codemirror/language@^0.18.1":
  version "0.18.2"
  resolved "https://registry.yarnpkg.com/@codemirror/language/-/language-0.18.2.tgz#92b0e2ba0debfa8473d805efdabda5c24376cb16"
  integrity sha512-2Kz0Xyfvt1Ex2KfTUcYZ3IBxpnFCqHaJijwZknGBT7JXv9dwbOPs9SfPfL4oxVuDIHZx8JTPfoV3LTTJrm8M3Q==
  dependencies:
    "@codemirror/state" "^0.18.0"
    "@codemirror/text" "^0.18.0"
    "@codemirror/view" "^0.18.0"
    lezer "^0.13.4"
    lezer-tree "^0.13.0"

"@codemirror/legacy-modes@^0.18.0":
  version "0.18.1"
  resolved "https://registry.yarnpkg.com/@codemirror/legacy-modes/-/legacy-modes-0.18.1.tgz#a4437b5b01d6bafb8b7701f9ffaa295132098de9"
  integrity sha512-Y5ST1K6v+8uK6BxLOtfS38LeOS+rzOCGs91+t6k2hsWwZq3w7LS17I5w1Es2SIuq+7c4GjpVTrijCF2kMxd5ZA==
  dependencies:
    "@codemirror/stream-parser" "^0.18.0"

"@codemirror/lint@^0.18.0":
  version "0.18.4"
  resolved "https://registry.yarnpkg.com/@codemirror/lint/-/lint-0.18.4.tgz#4cdbb4fd6fee3ac8384df62a99efefe099932feb"
  integrity sha512-H77qYfZOmo1kKf0ZQagzk/JRGVhIpwP0hq1TSO6DFC1WLjW6gcsFJO5NDMS86enm0KX0w4/IkA7PItz2mjmHhQ==
  dependencies:
    "@codemirror/panel" "^0.18.1"
    "@codemirror/state" "^0.18.0"
    "@codemirror/tooltip" "^0.18.4"
    "@codemirror/view" "^0.18.0"
    crelt "^1.0.5"

"@codemirror/matchbrackets@^0.18.0":
  version "0.18.0"
  resolved "https://registry.yarnpkg.com/@codemirror/matchbrackets/-/matchbrackets-0.18.0.tgz#64a493090d942de19f15a9ed3cb0fa19ed55f18b"
  integrity sha512-dPDopnZVkD54sSYdmQbyQbPdiuIA83p7XxX6Hp1ScEkOjukwCiFXiA/84x10FUTsQpUYp8bDzm7gwII119bGIw==
  dependencies:
    "@codemirror/language" "^0.18.0"
    "@codemirror/state" "^0.18.0"
    "@codemirror/view" "^0.18.0"
    lezer-tree "^0.13.0"

"@codemirror/panel@^0.18.1":
  version "0.18.2"
  resolved "https://registry.yarnpkg.com/@codemirror/panel/-/panel-0.18.2.tgz#f82dd69fc82d752ec5d6269bbdecbbdb8df69529"
  integrity sha512-ea/g2aAKtfmie1kD7C8GDutD/5u+uzRJr/varUiAbHKr1sAdjtz5xYvC3GBAMYMan1GOh0vD5zP1yEupJl3b3Q==
  dependencies:
    "@codemirror/state" "^0.18.0"
    "@codemirror/view" "^0.18.0"

"@codemirror/rangeset@^0.18.0", "@codemirror/rangeset@^0.18.2":
  version "0.18.4"
  resolved "https://registry.yarnpkg.com/@codemirror/rangeset/-/rangeset-0.18.4.tgz#84b615906236019107332a023116d2031f63b7bf"
  integrity sha512-HHAebb85KoNrnzKG7Z3bOK3HirstPFFB5tu70QfSaUgSZeWnsSgcmGk033rMLGYV9GNTiibWKpqRPaCuyOUk7w==
  dependencies:
    "@codemirror/state" "^0.18.0"

"@codemirror/state@^0.18.0", "@codemirror/state@^0.18.3":
  version "0.18.7"
  resolved "https://registry.yarnpkg.com/@codemirror/state/-/state-0.18.7.tgz#3339a732387bb2c034987c57ccf0649ef2f7c4c1"
  integrity sha512-cVyTiAC9vv90NKmGOfNtBjyIem3BqKui1L5Hfcxurp8K9votQj2oH9COcgWPnQ2Xs64yC70tEuTt9DF1pj5PFQ==
  dependencies:
    "@codemirror/text" "^0.18.0"

"@codemirror/stream-parser@^0.18.0":
  version "0.18.2"
  resolved "https://registry.yarnpkg.com/@codemirror/stream-parser/-/stream-parser-0.18.2.tgz#d96ac5724650719c4a7784f2b94449366b22130e"
  integrity sha512-3RTRmhIixcC2ps/G8So+BL0qJkwaspjyYt4smVYlSn4eNbxGK9K2RCnSmOPRv0SkuQMu3oUFbprFI/SbtZrPKg==
  dependencies:
    "@codemirror/highlight" "^0.18.0"
    "@codemirror/language" "^0.18.0"
    "@codemirror/state" "^0.18.0"
    "@codemirror/text" "^0.18.0"
    lezer "^0.13.0"
    lezer-tree "^0.13.0"

"@codemirror/text@^0.18.0", "@codemirror/text@^0.18.1":
  version "0.18.1"
  resolved "https://registry.yarnpkg.com/@codemirror/text/-/text-0.18.1.tgz#badacd628b8485932f8a42468bca1a106e210f93"
  integrity sha512-vjXs6mi1F418kucTPlFvnCt9glKnjtYssdXb8mm1oaY/F5O+tgGVepm9Z8F7AKWCQvW8Bns1D3uLz/DOIEywIw==

"@codemirror/tooltip@^0.18.4":
  version "0.18.4"
  resolved "https://registry.yarnpkg.com/@codemirror/tooltip/-/tooltip-0.18.4.tgz#981bc0ced792c6754148edbc1f60092f3fa54207"
  integrity sha512-LDlDOSEfjoG24uapLN7exK3Z3JchYFKUwWqo1x/9YdlAkmD1ik7cMSQZboCquP1uJVcXhtbpKmaO6vENGVaarg==
  dependencies:
    "@codemirror/state" "^0.18.0"
    "@codemirror/view" "^0.18.0"

"@codemirror/view@^0.18.0", "@codemirror/view@^0.18.3":
  version "0.18.19"
  resolved "https://registry.yarnpkg.com/@codemirror/view/-/view-0.18.19.tgz#9d4f943a9e79ae00f6ad2ace0d6c759624faa86f"
  integrity sha512-TmazVl8H3L+aYwlNb8xk6qADRb8KiYOO047pz51R4mGCg4Ja2siSjXktZgUvklsyWbUY7h9q+oAf4piH+mQZTw==
  dependencies:
    "@codemirror/rangeset" "^0.18.2"
    "@codemirror/state" "^0.18.0"
    "@codemirror/text" "^0.18.1"
    style-mod "^4.0.0"
    w3c-keyname "^2.2.4"

"@rollup/plugin-node-resolve@^11.2.1":
  version "11.2.1"
  resolved "https://registry.yarnpkg.com/@rollup/plugin-node-resolve/-/plugin-node-resolve-11.2.1.tgz#82aa59397a29cd4e13248b106e6a4a1880362a60"
  integrity sha512-yc2n43jcqVyGE2sqV5/YCmocy9ArjVAP/BeXyTtADTBBX6V0e5UMqwO8CdQ0kzjb6zu5P1qMzsScCMRvE9OlVg==
  dependencies:
    "@rollup/pluginutils" "^3.1.0"
    "@types/resolve" "1.17.1"
    builtin-modules "^3.1.0"
    deepmerge "^4.2.2"
    is-module "^1.0.0"
    resolve "^1.19.0"

"@rollup/plugin-typescript@^8.2.1":
  version "8.2.3"
  resolved "https://registry.yarnpkg.com/@rollup/plugin-typescript/-/plugin-typescript-8.2.3.tgz#d1aed5dc424623bad8ff026f13f732e7cbeee175"
  integrity sha512-bSkd+DD3wP9OLU6lPet59B6jJF29/RlxHkbwvOVOcf1nk8eQYWw24HpldEdrPo/WG0QAPD7TqI7+2y5jtdqjww==
  dependencies:
    "@rollup/pluginutils" "^3.1.0"
    resolve "^1.17.0"

"@rollup/pluginutils@^3.1.0":
  version "3.1.0"
  resolved "https://registry.yarnpkg.com/@rollup/pluginutils/-/pluginutils-3.1.0.tgz#706b4524ee6dc8b103b3c995533e5ad680c02b9b"
  integrity sha512-GksZ6pr6TpIjHm8h9lSQ8pi8BE9VeubNT0OMJ3B5uZJ8pz73NPiqOtCog/x2/QzM1ENChPKxMDhiQuRHsqc+lg==
  dependencies:
    "@types/estree" "0.0.39"
    estree-walker "^1.0.1"
    picomatch "^2.2.2"

"@types/estree@0.0.39":
  version "0.0.39"
  resolved "https://registry.yarnpkg.com/@types/estree/-/estree-0.0.39.tgz#e177e699ee1b8c22d23174caaa7422644389509f"
  integrity sha512-EYNwp3bU+98cpU4lAWYYL7Zz+2gryWH1qbdDTidVd6hkiR6weksdbMadyXKXNPEkQFhXM+hVO9ZygomHXp+AIw==

"@types/node@*":
  version "16.4.1"
  resolved "https://registry.yarnpkg.com/@types/node/-/node-16.4.1.tgz#9fad171a5b701613ee8a6f4ece3c88b1034b1b03"
  integrity sha512-UW7cbLqf/Wu5XH2RKKY1cHwUNLicIDRLMraYKz+HHAerJ0ZffUEk+fMnd8qU2JaS6cAy0r8tsaf7yqHASf/Y0Q==

"@types/resolve@1.17.1":
  version "1.17.1"
  resolved "https://registry.yarnpkg.com/@types/resolve/-/resolve-1.17.1.tgz#3afd6ad8967c77e4376c598a82ddd58f46ec45d6"
  integrity sha512-yy7HuzQhj0dhGpD8RLXSZWEkLsV9ibvxvi6EiJ3bkqLAO1RGo0WbkWQiwpRlSFymTJRz0d3k5LM3kkx8ArDbLw==
  dependencies:
    "@types/node" "*"

anymatch@~3.1.2:
  version "3.1.2"
  resolved "https://registry.yarnpkg.com/anymatch/-/anymatch-3.1.2.tgz#c0557c096af32f106198f4f4e2a383537e378716"
  integrity sha512-P43ePfOAIupkguHUycrc4qJ9kz8ZiuOUijaETwX7THt0Y/GNK7v0aa8rY816xWjZ7rJdA5XdMcpVFTKMq+RvWg==
  dependencies:
    normalize-path "^3.0.0"
    picomatch "^2.0.4"

binary-extensions@^2.0.0:
  version "2.2.0"
  resolved "https://registry.yarnpkg.com/binary-extensions/-/binary-extensions-2.2.0.tgz#75f502eeaf9ffde42fc98829645be4ea76bd9e2d"
  integrity sha512-jDctJ/IVQbZoJykoeHbhXpOlNBqGNcwXJKJog42E5HDPUwQTSdjCHdihjj0DlnheQ7blbT6dHOafNAiS8ooQKA==

braces@~3.0.2:
  version "3.0.2"
  resolved "https://registry.yarnpkg.com/braces/-/braces-3.0.2.tgz#3454e1a462ee8d599e236df336cd9ea4f8afe107"
  integrity sha512-b8um+L1RzM3WDSzvhm6gIz1yfTbBt6YTlcEKAvsmqCZZFw46z626lVj9j1yEPW33H5H+lBQpZMP1k8l+78Ha0A==
  dependencies:
    fill-range "^7.0.1"

builtin-modules@^3.1.0:
  version "3.2.0"
  resolved "https://registry.yarnpkg.com/builtin-modules/-/builtin-modules-3.2.0.tgz#45d5db99e7ee5e6bc4f362e008bf917ab5049887"
  integrity sha512-lGzLKcioL90C7wMczpkY0n/oART3MbBa8R9OFGE1rJxoVI86u4WAGfEk8Wjv10eKSyTHVGkSo3bvBylCEtk7LA==

chokidar@^3.5.0:
  version "3.5.2"
  resolved "https://registry.yarnpkg.com/chokidar/-/chokidar-3.5.2.tgz#dba3976fcadb016f66fd365021d91600d01c1e75"
  integrity sha512-ekGhOnNVPgT77r4K/U3GDhu+FQ2S8TnK/s2KbIGXi0SZWuwkZ2QNyfWdZW+TVfn84DpEP7rLeCt2UI6bJ8GwbQ==
  dependencies:
    anymatch "~3.1.2"
    braces "~3.0.2"
    glob-parent "~5.1.2"
    is-binary-path "~2.1.0"
    is-glob "~4.0.1"
    normalize-path "~3.0.0"
    readdirp "~3.6.0"
  optionalDependencies:
    fsevents "~2.3.2"

crelt@^1.0.5:
  version "1.0.5"
  resolved "https://registry.yarnpkg.com/crelt/-/crelt-1.0.5.tgz#57c0d52af8c859e354bace1883eb2e1eb182bb94"
  integrity sha512-+BO9wPPi+DWTDcNYhr/W90myha8ptzftZT+LwcmUbbok0rcP/fequmFYCw8NMoH7pkAZQzU78b3kYrlua5a9eA==

deepmerge@^4.2.2:
  version "4.2.2"
  resolved "https://registry.yarnpkg.com/deepmerge/-/deepmerge-4.2.2.tgz#44d2ea3679b8f4d4ffba33f03d865fc1e7bf4955"
  integrity sha512-FJ3UgI4gIl+PHZm53knsuSFpE+nESMr7M4v9QcgB7S63Kj/6WqMiFQJpBBYz1Pt+66bZpP3Q7Lye0Oo9MPKEdg==

estree-walker@^1.0.1:
  version "1.0.1"
  resolved "https://registry.yarnpkg.com/estree-walker/-/estree-walker-1.0.1.tgz#31bc5d612c96b704106b477e6dd5d8aa138cb700"
  integrity sha512-1fMXF3YP4pZZVozF8j/ZLfvnR8NSIljt56UhbZ5PeeDmmGHpgpdwQt7ITlGvYaQukCvuBRMLEiKiYC+oeIg4cg==

fill-range@^7.0.1:
  version "7.0.1"
  resolved "https://registry.yarnpkg.com/fill-range/-/fill-range-7.0.1.tgz#1919a6a7c75fe38b2c7c77e5198535da9acdda40"
  integrity sha512-qOo9F+dMUmC2Lcb4BbVvnKJxTPjCm+RRpe4gDuGrzkL7mEVl/djYSu2OdQ2Pa302N4oqkSg9ir6jaLWJ2USVpQ==
  dependencies:
    to-regex-range "^5.0.1"

fsevents@~2.3.2:
  version "2.3.2"
  resolved "https://registry.yarnpkg.com/fsevents/-/fsevents-2.3.2.tgz#8a526f78b8fdf4623b709e0b975c52c24c02fd1a"
  integrity sha512-xiqMQR4xAeHTuB9uWm+fFRcIOgKBMiOBP+eXiyT7jsgVCq1bkVygt00oASowB7EdtpOHaaPgKt812P9ab+DDKA==

function-bind@^1.1.1:
  version "1.1.1"
  resolved "https://registry.yarnpkg.com/function-bind/-/function-bind-1.1.1.tgz#a56899d3ea3c9bab874bb9773b7c5ede92f4895d"
  integrity sha512-yIovAzMX49sF8Yl58fSCWJ5svSLuaibPxXQJFLmBObTuCr0Mf1KiPopGM9NiFjiYBCbfaa2Fh6breQ6ANVTI0A==

glob-parent@~5.1.2:
  version "5.1.2"
  resolved "https://registry.yarnpkg.com/glob-parent/-/glob-parent-5.1.2.tgz#869832c58034fe68a4093c17dc15e8340d8401c4"
  integrity sha512-AOIgSQCepiJYwP3ARnGx+5VnTu2HBYdzbGP45eLw1vr3zB3vZLeyed1sC9hnbcOc9/SrMyM5RPQrkGz4aS9Zow==
  dependencies:
    is-glob "^4.0.1"

has@^1.0.3:
  version "1.0.3"
  resolved "https://registry.yarnpkg.com/has/-/has-1.0.3.tgz#722d7cbfc1f6aa8241f16dd814e011e1f41e8796"
  integrity sha512-f2dvO0VU6Oej7RkWJGrehjbzMAjFp5/VKPp5tTpWIV4JHHZK1/BxbFRtf/siA2SWTe09caDmVtYYzWEIbBS4zw==
  dependencies:
    function-bind "^1.1.1"

is-binary-path@~2.1.0:
  version "2.1.0"
  resolved "https://registry.yarnpkg.com/is-binary-path/-/is-binary-path-2.1.0.tgz#ea1f7f3b80f064236e83470f86c09c254fb45b09"
  integrity sha512-ZMERYes6pDydyuGidse7OsHxtbI7WVeUEozgR/g7rd0xUimYNlvZRE/K2MgZTjWy725IfelLeVcEM97mmtRGXw==
  dependencies:
    binary-extensions "^2.0.0"

is-core-module@^2.2.0:
  version "2.5.0"
  resolved "https://registry.yarnpkg.com/is-core-module/-/is-core-module-2.5.0.tgz#f754843617c70bfd29b7bd87327400cda5c18491"
  integrity sha512-TXCMSDsEHMEEZ6eCA8rwRDbLu55MRGmrctljsBX/2v1d9/GzqHOxW5c5oPSgrUt2vBFXebu9rGqckXGPWOlYpg==
  dependencies:
    has "^1.0.3"

is-extglob@^2.1.1:
  version "2.1.1"
  resolved "https://registry.yarnpkg.com/is-extglob/-/is-extglob-2.1.1.tgz#a88c02535791f02ed37c76a1b9ea9773c833f8c2"
  integrity sha1-qIwCU1eR8C7TfHahueqXc8gz+MI=

is-glob@^4.0.1, is-glob@~4.0.1:
  version "4.0.1"
  resolved "https://registry.yarnpkg.com/is-glob/-/is-glob-4.0.1.tgz#7567dbe9f2f5e2467bc77ab83c4a29482407a5dc"
  integrity sha512-5G0tKtBTFImOqDnLB2hG6Bp2qcKEFduo4tZu9MT/H6NQv/ghhy30o55ufafxJ/LdH79LLs2Kfrn85TLKyA7BUg==
  dependencies:
    is-extglob "^2.1.1"

is-module@^1.0.0:
  version "1.0.0"
  resolved "https://registry.yarnpkg.com/is-module/-/is-module-1.0.0.tgz#3258fb69f78c14d5b815d664336b4cffb6441591"
  integrity sha1-Mlj7afeMFNW4FdZkM2tM/7ZEFZE=

is-number@^7.0.0:
  version "7.0.0"
  resolved "https://registry.yarnpkg.com/is-number/-/is-number-7.0.0.tgz#7535345b896734d5f80c4d06c50955527a14f12b"
  integrity sha512-41Cifkg6e8TylSpdtTpeLVMqvSBEVzTttHvERD741+pnZ8ANv0004MRL43QKPDlK9cGvNp6NZWZUBlbGXYxxng==

lezer-cpp@^0.13.0:
  version "0.13.2"
  resolved "https://registry.yarnpkg.com/lezer-cpp/-/lezer-cpp-0.13.2.tgz#6653460aebd722447da5334dedce23e1750ef92b"
  integrity sha512-YVlFzs2jkX6nRBu5ivDm1b0pNLmPgQv0rXuLkDZyc+TSdAirtDixANlT00FCOLOGbxIS/1V2Rx5i4/X+lGgOKQ==
  dependencies:
    lezer "^0.13.0"

lezer-css@^0.13.0:
  version "0.13.1"
  resolved "https://registry.yarnpkg.com/lezer-css/-/lezer-css-0.13.1.tgz#272582af7616318a7e0b6432fdf943c35499c96b"
  integrity sha512-ke56tjG17IZ+EFiY50P2WinjhgZQB7OecRVZmYQbVuwv5iUdLemA4vLjaFsAbgoSg+4pfOms7Ns9nItoJcmFpg==
  dependencies:
    lezer "^0.13.0"

lezer-html@^0.13.0, lezer-html@^0.13.5:
  version "0.13.6"
  resolved "https://registry.yarnpkg.com/lezer-html/-/lezer-html-0.13.6.tgz#e9bc4489b96c9c671efcb2455cbf08aa4ec09cb9"
  integrity sha512-FY8ULPsyrbxSCre95hqU69ydCIbjRKoAwWSYbuBL7om6XmQ0C/M9PxV2NToWIgYGK5Yr5MzrsK/H7vsdJGpB2g==
  dependencies:
    lezer "^0.13.3"

lezer-java@^0.13.0:
  version "0.13.2"
  resolved "https://registry.yarnpkg.com/lezer-java/-/lezer-java-0.13.2.tgz#5144b85cb37f86a12f30ec582b1e8266228df17d"
  integrity sha512-+BMv172xMTK5zZK0O3BM8SbQ0NK7Z99O5/QWnwt46j6fTGr79HO4n/nuxzzCmq0mQFcweqV2x3QG/L/6zRb7dQ==
  dependencies:
    lezer "^0.13.0"

lezer-javascript@^0.13.0:
  version "0.13.4"
  resolved "https://registry.yarnpkg.com/lezer-javascript/-/lezer-javascript-0.13.4.tgz#f2b36e83bf02cce6df05601133134357133be76e"
  integrity sha512-nhRbeSwPZo2xVYq6TWyUhi/r9j0CFSUpkuA5J992Az2AYZFw2HnGVjixfP43DKufL+npJwSy0qcCcAHFQ2bFOQ==
  dependencies:
    lezer "^0.13.0"

lezer-json@^0.13.0:
  version "0.13.2"
  resolved "https://registry.yarnpkg.com/lezer-json/-/lezer-json-0.13.2.tgz#f14f486a535df5d38c3e4aaf0166ba9e0ad0b242"
  integrity sha512-J5wc5KpYywJroIQ7A2+bW0e3JiSo2wX4uDgbCni2Ww5bvTD/iV2tvZ0cHBLmMU/p5qS4dD5bAPysSqHMS9eNAg==
  dependencies:
    lezer "^0.13.0"

lezer-markdown@^0.14.3:
  version "0.14.5"
  resolved "https://registry.yarnpkg.com/lezer-markdown/-/lezer-markdown-0.14.5.tgz#84045dc0388b794eec36b7c8c1e1d021b01769a9"
  integrity sha512-Fk5cGiHk2gHB7HLBjcPHaXEtnYOO4GPwzmx1ApknrmiVldz8QsqmYqF7+TQA/PSFJx1g+ajjVOVHXQGp5rFlGg==
  dependencies:
    lezer-html "^0.13.0"
    lezer-tree "^0.13.0"

lezer-python@^0.13.0:
  version "0.13.7"
  resolved "https://registry.yarnpkg.com/lezer-python/-/lezer-python-0.13.7.tgz#cd895b0d910f3601e3b51c8ed45de5a580d5f642"
  integrity sha512-IoUdd88Hj2rdzV74xis5/NLWe69+GRe8wTI1z8ZIl/0IbyMAWEEvSHzAKqBGNGTuBIpBaW+l8awbW4gSZqrjIw==
  dependencies:
    lezer "^0.13.2"

lezer-rust@^0.13.0:
  version "0.13.1"
  resolved "https://registry.yarnpkg.com/lezer-rust/-/lezer-rust-0.13.1.tgz#f7ea63bcc1b20d8f6d9971b4b6079095081bcb2e"
  integrity sha512-mn27bruCQfgKsyUV4vW/cUcUtZ0TjwNOFR299ZQxfxKSs4UUg0b6Jvu436ROYo5lxquKXf2BQdFWSttMoSlysg==
  dependencies:
    lezer "^0.13.0"

lezer-tree@^0.13.0, lezer-tree@^0.13.2:
  version "0.13.2"
  resolved "https://registry.yarnpkg.com/lezer-tree/-/lezer-tree-0.13.2.tgz#00f4671309b15c27b131f637e430ce2d4d5f7065"
  integrity sha512-15ZxW8TxVNAOkHIo43Iouv4zbSkQQ5chQHBpwXcD2bBFz46RB4jYLEEww5l1V0xyIx9U2clSyyrLes+hAUFrGQ==

lezer-xml@^0.13.0:
  version "0.13.4"
  resolved "https://registry.yarnpkg.com/lezer-xml/-/lezer-xml-0.13.4.tgz#a3a890fd59727deb777d601dfdb0ab8508571efd"
  integrity sha512-mgA6ZfsxBWTG993vkVRonaHaSY4H78IChFI9+H6PiH8mJEG9OP2W1EiZmGbiv32OawF02vWzvTp3Lm3b9P1g9A==
  dependencies:
    lezer "^0.13.3"

lezer@^0.13.0, lezer@^0.13.2, lezer@^0.13.3, lezer@^0.13.4:
  version "0.13.5"
  resolved "https://registry.yarnpkg.com/lezer/-/lezer-0.13.5.tgz#6000536bca7e24a5bd62e8cb4feff28b37e7dd8f"
  integrity sha512-cAiMQZGUo2BD8mpcz7Nv1TlKzWP7YIdIRrX41CiP5bk5t4GHxskOxWUx2iAOuHlz8dO+ivbuXr0J1bfHsWD+lQ==
  dependencies:
    lezer-tree "^0.13.2"

livereload-js@^3.3.1:
  version "3.3.2"
  resolved "https://registry.yarnpkg.com/livereload-js/-/livereload-js-3.3.2.tgz#c88b009c6e466b15b91faa26fd7c99d620e12651"
  integrity sha512-w677WnINxFkuixAoUEXOStewzLYGI76XVag+0JWMMEyjJQKs0ibWZMxkTlB96Lm3EjZ7IeOxVziBEbtxVQqQZA==

livereload@^0.9.1:
  version "0.9.3"
  resolved "https://registry.yarnpkg.com/livereload/-/livereload-0.9.3.tgz#a714816375ed52471408bede8b49b2ee6a0c55b1"
  integrity sha512-q7Z71n3i4X0R9xthAryBdNGVGAO2R5X+/xXpmKeuPMrteg+W2U8VusTKV3YiJbXZwKsOlFlHe+go6uSNjfxrZw==
  dependencies:
    chokidar "^3.5.0"
    livereload-js "^3.3.1"
    opts ">= 1.2.0"
    ws "^7.4.3"

mime@>=2.4.6:
  version "2.5.2"
  resolved "https://registry.yarnpkg.com/mime/-/mime-2.5.2.tgz#6e3dc6cc2b9510643830e5f19d5cb753da5eeabe"
  integrity sha512-tqkh47FzKeCPD2PUiPB6pkbMzsCasjxAfC62/Wap5qrUWcb+sFasXUC5I3gYM5iBM8v/Qpn4UK0x+j0iHyFPDg==

normalize-path@^3.0.0, normalize-path@~3.0.0:
  version "3.0.0"
  resolved "https://registry.yarnpkg.com/normalize-path/-/normalize-path-3.0.0.tgz#0dcd69ff23a1c9b11fd0978316644a0388216a65"
  integrity sha512-6eZs5Ls3WtCisHWp9S2GUy8dqkpGi4BVSz3GaqiE6ezub0512ESztXUwUB6C6IKbQkY2Pnb/mD4WYojCRwcwLA==

opener@1:
  version "1.5.2"
  resolved "https://registry.yarnpkg.com/opener/-/opener-1.5.2.tgz#5d37e1f35077b9dcac4301372271afdeb2a13598"
  integrity sha512-ur5UIdyw5Y7yEj9wLzhqXiy6GZ3Mwx0yGI+5sMn2r0N0v3cKJvUmFH5yPP+WXh9e0xfyzyJX95D8l088DNFj7A==

"opts@>= 1.2.0":
  version "2.0.2"
  resolved "https://registry.yarnpkg.com/opts/-/opts-2.0.2.tgz#a17e189fbbfee171da559edd8a42423bc5993ce1"
  integrity sha512-k41FwbcLnlgnFh69f4qdUfvDQ+5vaSDnVPFI/y5XuhKRq97EnVVneO9F1ESVCdiVu4fCS2L8usX3mU331hB7pg==

path-parse@^1.0.6:
  version "1.0.7"
  resolved "https://registry.yarnpkg.com/path-parse/-/path-parse-1.0.7.tgz#fbc114b60ca42b30d9daf5858e4bd68bbedb6735"
  integrity sha512-LDJzPVEEEPR+y48z93A0Ed0yXb8pAByGWo/k5YYdYgpY2/2EsOsksJrq7lOHxryrVOn1ejG6oAp8ahvOIQD8sw==

picomatch@^2.0.4, picomatch@^2.2.1, picomatch@^2.2.2:
  version "2.3.0"
  resolved "https://registry.yarnpkg.com/picomatch/-/picomatch-2.3.0.tgz#f1f061de8f6a4bf022892e2d128234fb98302972"
  integrity sha512-lY1Q/PiJGC2zOv/z391WOTD+Z02bCgsFfvxoXXf6h7kv9o+WmsmzYqrAwY63sNgOxE4xEdq0WyUnXfKeBrSvYw==

readdirp@~3.6.0:
  version "3.6.0"
  resolved "https://registry.yarnpkg.com/readdirp/-/readdirp-3.6.0.tgz#74a370bd857116e245b29cc97340cd431a02a6c7"
  integrity sha512-hOS089on8RduqdbhvQ5Z37A0ESjsqz6qnRcffsMU3495FuTdqSm+7bhJ29JvIOsBDEEnan5DPu9t3To9VRlMzA==
  dependencies:
    picomatch "^2.2.1"

resolve@^1.17.0, resolve@^1.19.0:
  version "1.20.0"
  resolved "https://registry.yarnpkg.com/resolve/-/resolve-1.20.0.tgz#629a013fb3f70755d6f0b7935cc1c2c5378b1975"
  integrity sha512-wENBPt4ySzg4ybFQW2TT1zMQucPK95HSh/nq2CFTZVOGut2+pQvSsgtda4d26YrYcr067wjbmzOG8byDPBX63A==
  dependencies:
    is-core-module "^2.2.0"
    path-parse "^1.0.6"

rollup-plugin-livereload@^2.0.0:
  version "2.0.5"
  resolved "https://registry.yarnpkg.com/rollup-plugin-livereload/-/rollup-plugin-livereload-2.0.5.tgz#4747fa292a2cceb0c972c573d71b3d66b4252b37"
  integrity sha512-vqQZ/UQowTW7VoiKEM5ouNW90wE5/GZLfdWuR0ELxyKOJUIaj+uismPZZaICU4DnWPVjnpCDDxEqwU7pcKY/PA==
  dependencies:
    livereload "^0.9.1"

rollup-plugin-serve@^1.1.0:
  version "1.1.0"
  resolved "https://registry.yarnpkg.com/rollup-plugin-serve/-/rollup-plugin-serve-1.1.0.tgz#0654a57021a21b903340c69940f7463706e8288d"
  integrity sha512-pYkSsuA0/psKqhhictkJw1c2klya5b+LlCvipWqI9OE1aG2M97mRumZCbBlry5CMEOzYBBgSDgd1694sNbmyIw==
  dependencies:
    mime ">=2.4.6"
    opener "1"

rollup@^2.43.0:
  version "2.53.3"
  resolved "https://registry.yarnpkg.com/rollup/-/rollup-2.53.3.tgz#14b0e57f0874d4ad23bdbb13050cf70bcd1eabf7"
  integrity sha512-79QIGP5DXz5ZHYnCPi3tLz+elOQi6gudp9YINdaJdjG0Yddubo6JRFUM//qCZ0Bap/GJrsUoEBVdSOc4AkMlRA==
  optionalDependencies:
    fsevents "~2.3.2"

style-mod@^4.0.0:
  version "4.0.0"
  resolved "https://registry.yarnpkg.com/style-mod/-/style-mod-4.0.0.tgz#97e7c2d68b592975f2ca7a63d0dd6fcacfe35a01"
  integrity sha512-OPhtyEjyyN9x3nhPsu76f52yUGXiZcgvsrFVtvTkyGRQJ0XK+GPc6ov1z+lRpbeabka+MYEQxOYRnt5nF30aMw==

to-regex-range@^5.0.1:
  version "5.0.1"
  resolved "https://registry.yarnpkg.com/to-regex-range/-/to-regex-range-5.0.1.tgz#1648c44aae7c8d988a326018ed72f5b4dd0392e4"
  integrity sha512-65P7iz6X5yEr1cwcgvQxbbIw7Uk3gOy5dIdtZ4rDveLqhrdJP+Li/Hx6tyK0NEb+2GCyneCMJiGqrADCSNk8sQ==
  dependencies:
    is-number "^7.0.0"

tslib@^2.1.0:
  version "2.3.0"
  resolved "https://registry.yarnpkg.com/tslib/-/tslib-2.3.0.tgz#803b8cdab3e12ba581a4ca41c8839bbb0dacb09e"
  integrity sha512-N82ooyxVNm6h1riLCoyS9e3fuJ3AMG2zIZs2Gd1ATcSFjSA23Q0fzjjZeh0jbJvWVDZ0cJT8yaNNaaXHzueNjg==

typescript@^4.2.3:
  version "4.3.5"
  resolved "https://registry.yarnpkg.com/typescript/-/typescript-4.3.5.tgz#4d1c37cc16e893973c45a06886b7113234f119f4"
  integrity sha512-DqQgihaQ9cUrskJo9kIyW/+g0Vxsk8cDtZ52a3NGh0YNTfpUSArXSohyUGnvbPazEPLu398C0UxmKSOrPumUzA==

w3c-keyname@^2.2.4:
  version "2.2.4"
  resolved "https://registry.yarnpkg.com/w3c-keyname/-/w3c-keyname-2.2.4.tgz#4ade6916f6290224cdbd1db8ac49eab03d0eef6b"
  integrity sha512-tOhfEwEzFLJzf6d1ZPkYfGj+FWhIpBux9ppoP3rlclw3Z0BZv3N7b7030Z1kYth+6rDuAsXUFr+d0VE6Ed1ikw==

ws@^7.4.3:
  version "7.5.3"
  resolved "https://registry.yarnpkg.com/ws/-/ws-7.5.3.tgz#160835b63c7d97bfab418fc1b8a9fced2ac01a74"
  integrity sha512-kQ/dHIzuLrS6Je9+uv81ueZomEwH0qVYstcAQ4/Z93K8zeko9gtAbttJWzoC5ukqXY1PpoouV3+VSOqEAFt5wg==
