# THIS IS AN AUTOGENERATED FILE. DO NOT EDIT THIS FILE DIRECTLY.
# yarn lockfile v1


"@codemirror/autocomplete@^0.20.0":
  version "0.20.0"
  resolved "https://registry.yarnpkg.com/@codemirror/autocomplete/-/autocomplete-0.20.0.tgz#390cc444ea36474e77117f2153caad84214f0edf"
  integrity sha512-F6VOM8lImn5ApqxJcaWgdl7hhlw8B5yAfZJGlsQifcpNotkZOMND61mBFZ84OmSLWxtT8/smkSeLvJupKbjP9w==
  dependencies:
    "@codemirror/language" "^0.20.0"
    "@codemirror/state" "^0.20.0"
    "@codemirror/view" "^0.20.0"
    "@lezer/common" "^0.16.0"

"@codemirror/commands@^0.20.0":
  version "0.20.0"
  resolved "https://registry.yarnpkg.com/@codemirror/commands/-/commands-0.20.0.tgz#51405d442e6b8687b63e8fa27effc28179917c88"
  integrity sha512-v9L5NNVA+A9R6zaFvaTbxs30kc69F6BkOoiEbeFw4m4I0exmDEKBILN6mK+GksJtvTzGBxvhAPlVFTdQW8GB7Q==
  dependencies:
    "@codemirror/language" "^0.20.0"
    "@codemirror/state" "^0.20.0"
    "@codemirror/view" "^0.20.0"
    "@lezer/common" "^0.16.0"

"@codemirror/lang-cpp@^0.20.0":
  version "0.20.0"
  resolved "https://registry.yarnpkg.com/@codemirror/lang-cpp/-/lang-cpp-0.20.0.tgz#a9385a649e657716c1375e7a24b694ca957f606b"
  integrity sha512-pgLidQ3G1wUnfKW/aaXET4I8CqmiVqy4C87i/V7igLxsH5pi4Um2IObpA+YVZJ3KL5UG17Al32vSQ0MfqdjBJw==
  dependencies:
    "@codemirror/language" "^0.20.0"
    "@lezer/cpp" "^0.16.0"

"@codemirror/lang-css@^0.20.0":
  version "0.20.0"
  resolved "https://registry.yarnpkg.com/@codemirror/lang-css/-/lang-css-0.20.0.tgz#7acbab259b0df3369d5a9a4df33a56759e4e4ae5"
  integrity sha512-NvYBkDu5Abvzp3bRnU7oHnz3QGeYLYcMIVlEAExtDw6QLbKn8beObuJLQmQB1TqAk7KJcrMvH0xf73DAF9ICHg==
  dependencies:
    "@codemirror/autocomplete" "^0.20.0"
    "@codemirror/language" "^0.20.0"
    "@codemirror/state" "^0.20.0"
    "@lezer/css" "^0.16.0"

"@codemirror/lang-html@^0.20.0":
  version "0.20.0"
  resolved "https://registry.yarnpkg.com/@codemirror/lang-html/-/lang-html-0.20.0.tgz#9cc29ad8f6b0bd1a0a0e7fde3acd972e27e90dd6"
  integrity sha512-hh/vii8Hw0eoPQy6vacqrrt4FMeLn9cNOG7zPFFOyc+oTl66+FYHgOtWH8b6HysTx0pdTMtpNbBF4tTLMbmP1w==
  dependencies:
    "@codemirror/autocomplete" "^0.20.0"
    "@codemirror/lang-css" "^0.20.0"
    "@codemirror/lang-javascript" "^0.20.0"
    "@codemirror/language" "^0.20.0"
    "@codemirror/state" "^0.20.0"
    "@lezer/common" "^0.16.0"
    "@lezer/html" "^0.16.0"

"@codemirror/lang-java@^0.20.0":
  version "0.20.0"
  resolved "https://registry.yarnpkg.com/@codemirror/lang-java/-/lang-java-0.20.0.tgz#6763d7959f858698fd5a18e526ad7e7bf8ce843e"
  integrity sha512-oRofRQcMRStJM2C8JDdDOiLqmH4H5AUdNvjQx/8r/vnLlL3INj1ByQexf5sCEOypptLmvoOFNA2zM9kcOHrRSw==
  dependencies:
    "@codemirror/language" "^0.20.0"
    "@lezer/java" "^0.16.0"

"@codemirror/lang-javascript@^0.20.0":
  version "0.20.0"
  resolved "https://registry.yarnpkg.com/@codemirror/lang-javascript/-/lang-javascript-0.20.0.tgz#64a7beaa634ad2163dbfdcff94bae8ff28bae476"
  integrity sha512-Wawq5+o1DlWtsqAyaa9NkiSXNT7geFcfdUael0hIQdM7P23gkQaD+xgZcyQP6QvPxVAdnY4VIWHFzFAqBti+WQ==
  dependencies:
    "@codemirror/autocomplete" "^0.20.0"
    "@codemirror/language" "^0.20.0"
    "@codemirror/lint" "^0.20.0"
    "@codemirror/state" "^0.20.0"
    "@codemirror/view" "^0.20.0"
    "@lezer/javascript" "^0.16.0"

"@codemirror/lang-json@^0.20.0":
  version "0.20.0"
  resolved "https://registry.yarnpkg.com/@codemirror/lang-json/-/lang-json-0.20.0.tgz#0cef6c3db35a4d9107896312b444d41f77cda0b4"
  integrity sha512-Dj9iW3larS3HDdzd8+GXP5+7EUG7SeQexy0mh7l3N/n7vicIY+9AxRPZ1H6nsVI97uZpYIm8OZWG/eUzCdksdA==
  dependencies:
    "@codemirror/language" "^0.20.0"
    "@lezer/json" "^0.16.0"

"@codemirror/lang-markdown@^0.20.0":
  version "0.20.0"
  resolved "https://registry.yarnpkg.com/@codemirror/lang-markdown/-/lang-markdown-0.20.0.tgz#527554ccfc328a583d81c3d92b1098d4e5b7fba7"
  integrity sha512-r345c4CJ9BgoC6W3aSS97fTsRQnLFZPm/Q1ssRyens0ubcVf3i/nWvmg1rlDDIZ7ljyLt5K863aLrko00S6BaA==
  dependencies:
    "@codemirror/lang-html" "^0.20.0"
    "@codemirror/language" "^0.20.0"
    "@codemirror/state" "^0.20.0"
    "@codemirror/view" "^0.20.0"
    "@lezer/common" "^0.16.0"
    "@lezer/markdown" "^0.16.0"

"@codemirror/lang-php@^0.20.0":
  version "0.20.0"
  resolved "https://registry.yarnpkg.com/@codemirror/lang-php/-/lang-php-0.20.0.tgz#3b589b64718d68e705e4d983a53ff45bca5f8ad4"
  integrity sha512-k0MEkKN2tCZCmHbORJBxsv1W6sYxOkhANbVRC7yAx6zm9nYJb9JhVmSDZpJXnOUz9vX4APONxXTVO+RDav0Cow==
  dependencies:
    "@codemirror/lang-html" "^0.20.0"
    "@codemirror/language" "^0.20.0"
    "@codemirror/state" "^0.20.0"
    "@lezer/common" "^0.16.0"
    "@lezer/php" "^0.16.0"

"@codemirror/lang-python@^0.20.0":
  version "0.20.0"
  resolved "https://registry.yarnpkg.com/@codemirror/lang-python/-/lang-python-0.20.0.tgz#e7d133030e1fcd911f91480322b99c9c6b714567"
  integrity sha512-P2mIyjqBexRTaYbLmAf1HpIyNDw6nWsh2K5MiDi80+6oYwnRggU9dR3Yn9Lv0RM5ph3xJzayMbW0IpicIfA87w==
  dependencies:
    "@codemirror/language" "^0.20.0"
    "@lezer/python" "^0.16.0"

"@codemirror/lang-rust@^0.20.0":
  version "0.20.0"
  resolved "https://registry.yarnpkg.com/@codemirror/lang-rust/-/lang-rust-0.20.0.tgz#98b637b5518efb901ca63d5a461d74add5820659"
  integrity sha512-H49ONe7TQSD6n9X7je56wEmsE5rPC7vgDxxAoWUEQGQWzIlrQD2gRrfqe4y+dbD/yGVhjWla7UyuyUPQVpGJyg==
  dependencies:
    "@codemirror/language" "^0.20.0"
    "@lezer/rust" "^0.16.0"

"@codemirror/lang-sql@^0.20.0":
  version "0.20.0"
  resolved "https://registry.yarnpkg.com/@codemirror/lang-sql/-/lang-sql-0.20.0.tgz#a8f1f7f394360199343cf1fd7bc7ed94c4dcfe12"
  integrity sha512-/0ocIoMeTusoNsBoUsYH1DFIPRH/QFEcdGwMCkQ3ojdKrT5gJ3JPIlbPAkKadCBEqT5MWZ9nOJYvxS5eaKeP+w==
  dependencies:
    "@codemirror/autocomplete" "^0.20.0"
    "@codemirror/language" "^0.20.0"
    "@codemirror/state" "^0.20.0"
    "@lezer/highlight" "^0.16.0"
    "@lezer/lr" "^0.16.0"

"@codemirror/lang-wast@^0.20.0":
  version "0.20.0"
  resolved "https://registry.yarnpkg.com/@codemirror/lang-wast/-/lang-wast-0.20.0.tgz#1b1e5af48a979c8306129cd99b1c369c12f320f8"
  integrity sha512-wDAypzyN57EWCdpzQ/p1yFuwZLEdBy7dSPSFF1FuAyuibI+mioWgmh/P33cZLPXnze4qmyoSKqHrBt8Ruq4lLA==
  dependencies:
    "@codemirror/language" "^0.20.0"
    "@lezer/highlight" "^0.16.0"
    "@lezer/lr" "^0.16.0"

"@codemirror/lang-xml@^0.20.0":
  version "0.20.0"
  resolved "https://registry.yarnpkg.com/@codemirror/lang-xml/-/lang-xml-0.20.0.tgz#7bf24a0e9e817fdb826d14ecb0af73dbce4d9ccc"
  integrity sha512-8AswydqBA379Dj9qPI0VXpVapSNhZpfNfd1Fi+kbKsRt0bWdsL6p9onRBdH/32a75LVf5Zz2LskkjOlBanXgfA==
  dependencies:
    "@codemirror/autocomplete" "^0.20.0"
    "@codemirror/language" "^0.20.0"
    "@codemirror/state" "^0.20.0"
    "@lezer/common" "^0.16.0"
    "@lezer/xml" "^0.16.0"

"@codemirror/language-data@^0.20.0":
  version "0.20.0"
  resolved "https://registry.yarnpkg.com/@codemirror/language-data/-/language-data-0.20.0.tgz#9956e1dfaa2d559b101d7f37394410caecddf5d9"
  integrity sha512-gHSxL4Z5FdW9QZPqshz7I8F1H9FU8aE4oofTLBueIR3s5RqVHW5KYuPLJqLd1MAgVX9IrAD6fVGU8kykFugD4A==
  dependencies:
    "@codemirror/lang-cpp" "^0.20.0"
    "@codemirror/lang-css" "^0.20.0"
    "@codemirror/lang-html" "^0.20.0"
    "@codemirror/lang-java" "^0.20.0"
    "@codemirror/lang-javascript" "^0.20.0"
    "@codemirror/lang-json" "^0.20.0"
    "@codemirror/lang-markdown" "^0.20.0"
    "@codemirror/lang-php" "^0.20.0"
    "@codemirror/lang-python" "^0.20.0"
    "@codemirror/lang-rust" "^0.20.0"
    "@codemirror/lang-sql" "^0.20.0"
    "@codemirror/lang-wast" "^0.20.0"
    "@codemirror/lang-xml" "^0.20.0"
    "@codemirror/language" "^0.20.0"
    "@codemirror/legacy-modes" "^0.20.0"

"@codemirror/language@^0.20.0":
  version "0.20.0"
  resolved "https://registry.yarnpkg.com/@codemirror/language/-/language-0.20.0.tgz#959967901e780c1612934cf5d6df3d7b7e5bf9f0"
  integrity sha512-lPsF5Y2ZFd5lZ9+7HXTxu57Po3dms3+7q2iAffzrbis2wyJo0lzi/j2312EKStEzwd0pGGpvrUk2dEd333N2jw==
  dependencies:
    "@codemirror/state" "^0.20.0"
    "@codemirror/view" "^0.20.0"
    "@lezer/common" "^0.16.0"
    "@lezer/highlight" "^0.16.0"
    "@lezer/lr" "^0.16.0"

"@codemirror/legacy-modes@^0.20.0":
  version "0.20.0"
  resolved "https://registry.yarnpkg.com/@codemirror/legacy-modes/-/legacy-modes-0.20.0.tgz#a1cea5eed05fa09a0cac4a39f41e362a136da5ea"
  integrity sha512-SYllodnzD8OI6Y6NoFzCv+77cU9aTdfqDO0Zn8j5PbjUIAD+pIofwHAvecd9/ePLAICr+EYCEuqUxldHAR+pLQ==
  dependencies:
    "@codemirror/language" "^0.20.0"

"@codemirror/lint@^0.20.0":
  version "0.20.2"
  resolved "https://registry.yarnpkg.com/@codemirror/lint/-/lint-0.20.2.tgz#e47307167ff7e5bb14b717f4084a386dd7f8954e"
  integrity sha512-xEH3wlzoFLEhPEeMVRNoQIhoTCMEtXhVxemGh3FYjLfl/CL3B2Wz+CU7ooP5SKhN1le7JqUNSfiTArFP+IzFuw==
  dependencies:
    "@codemirror/state" "^0.20.0"
    "@codemirror/view" "^0.20.2"
    crelt "^1.0.5"

"@codemirror/search@^0.20.1":
  version "0.20.1"
  resolved "https://registry.yarnpkg.com/@codemirror/search/-/search-0.20.1.tgz#9eba0514218a673e29501a889a4fcb7da7ce24ad"
  integrity sha512-ROe6gRboQU5E4z6GAkNa2kxhXqsGNbeLEisbvzbOeB7nuDYXUZ70vGIgmqPu0tB+1M3F9yWk6W8k2vrFpJaD4Q==
  dependencies:
    "@codemirror/state" "^0.20.0"
    "@codemirror/view" "^0.20.0"
    crelt "^1.0.5"

"@codemirror/state@^0.20.0":
  version "0.20.0"
  resolved "https://registry.yarnpkg.com/@codemirror/state/-/state-0.20.0.tgz#3343d209169813b0152b77361cd78bea01549a73"
  integrity sha512-R3XrAWCS5Xm9lx+4pDET4EUPEg+8bDfAa5zoOFIhx+VChsfew9Vy33dAjCXS5ES4Q8UecW4WM4UudmUFpZ+86A==

"@codemirror/view@^0.20.0", "@codemirror/view@^0.20.2", "@codemirror/view@^0.20.4":
  version "0.20.4"
  resolved "https://registry.yarnpkg.com/@codemirror/view/-/view-0.20.4.tgz#5d988b929103f8148ec92512b937a3a8601bcc72"
  integrity sha512-6yprcc0/39EzI6y9Jm/J5F9lFzQik0yj8gE3CO/wOCQ4vd3Drol114mMK91LGtKrfoS0MFKVGulw0TdfN49Bfw==
  dependencies:
    "@codemirror/state" "^0.20.0"
    style-mod "^4.0.0"
    w3c-keyname "^2.2.4"

"@lezer/common@^0.16.0":
  version "0.16.0"
  resolved "https://registry.yarnpkg.com/@lezer/common/-/common-0.16.0.tgz#b6023a0a682b0b7676d0e7f0e0838f71bde39fcd"
  integrity sha512-H6sPCku+asKWYaNjwfQ1Uvcay9UP1Pdzu4qpy8GtRZ0cKT2AAGnj9MQGiRtY18MDntvhYRJxNGv7FNWOSV/e8A==

"@lezer/cpp@^0.16.0":
  version "0.16.0"
  resolved "https://registry.yarnpkg.com/@lezer/cpp/-/cpp-0.16.0.tgz#00b4e885455c02a427257695d106694d2207547e"
  integrity sha512-BxDzTmOB2Wuy3Aex4FFDDbB3qoIvIEhCjzMLZH6oUEiQZJHm8adBxDtuotf25ifZbS6Xo0oxr1Pge9RM9JDTmg==
  dependencies:
    "@lezer/highlight" "^0.16.0"
    "@lezer/lr" "^0.16.0"

"@lezer/css@^0.16.0":
  version "0.16.0"
  resolved "https://registry.yarnpkg.com/@lezer/css/-/css-0.16.0.tgz#a035f4c5afe8b0387a64526adfe04f5257731cea"
  integrity sha512-/YjbaCjgAYb7z/yDOpB/8dXdx1pTyXBsfvsZ6qL1jDg5kIjLUdqKmGGupx+xLTbKEdRC7mMUDPDsQPqXs6JJWQ==
  dependencies:
    "@lezer/highlight" "^0.16.0"
    "@lezer/lr" "^0.16.0"

"@lezer/highlight@^0.16.0":
  version "0.16.0"
  resolved "https://registry.yarnpkg.com/@lezer/highlight/-/highlight-0.16.0.tgz#95f7b7ee3c32c8a0f6ce499c085e8b1f927ffbdc"
  integrity sha512-iE5f4flHlJ1g1clOStvXNLbORJoiW4Kytso6ubfYzHnaNo/eo5SKhxs4wv/rtvwZQeZrK3we8S9SyA7OGOoRKQ==
  dependencies:
    "@lezer/common" "^0.16.0"

"@lezer/html@^0.16.0":
  version "0.16.0"
  resolved "https://registry.yarnpkg.com/@lezer/html/-/html-0.16.0.tgz#18cccf21fec9d7ce40f8479be231ede52d7f35cf"
  integrity sha512-bkBc0jUwTrpS0VFSM8mTVreapQ+Hh/BQme1Fp9fCDBp2zFYBSKL+B0KpN/0TkJLhP45EdhzwyaY2OIhkqPHCxA==
  dependencies:
    "@lezer/highlight" "^0.16.0"
    "@lezer/lr" "^0.16.0"

"@lezer/java@^0.16.0":
  version "0.16.0"
  resolved "https://registry.yarnpkg.com/@lezer/java/-/java-0.16.0.tgz#670c5a7e9885c02daab431bbb98661485caa659e"
  integrity sha512-eHVeKZbqVodQ+RSgoGfEcTic8QUuOPR0rmj0wVFlmaylwkGlhUwq3oST3sy07hp++hL2sqAgaod96cRrjfnumw==
  dependencies:
    "@lezer/highlight" "^0.16.0"
    "@lezer/lr" "^0.16.0"

"@lezer/javascript@^0.16.0":
  version "0.16.0"
  resolved "https://registry.yarnpkg.com/@lezer/javascript/-/javascript-0.16.0.tgz#712c3bc098bfc91b381a386551a86e9d4baf95eb"
  integrity sha512-kDcwX3QMFKVd7VJwlYTeTNtcj3/gXQEDa7cQzXXsFMvTGV/RTDq0r8agTpZu0zBc1RUZkVILusd1Cluz3STRqw==
  dependencies:
    "@lezer/highlight" "^0.16.0"
    "@lezer/lr" "^0.16.0"

"@lezer/json@^0.16.0":
  version "0.16.0"
  resolved "https://registry.yarnpkg.com/@lezer/json/-/json-0.16.0.tgz#f841fd7557fac8eac14c4dd52cb0e36abd9e8164"
  integrity sha512-Aqsi+qclD1f27tKGV9nND29WRXur8kfVnbPf5gUms3SNTY5mRIADnXy9/5dQxKlPkVHSuS1RCUJvA0+mdNQtsQ==
  dependencies:
    "@lezer/highlight" "^0.16.0"
    "@lezer/lr" "^0.16.0"

"@lezer/lr@^0.16.0":
  version "0.16.2"
  resolved "https://registry.yarnpkg.com/@lezer/lr/-/lr-0.16.2.tgz#a26e2572b6acf60815b12d898341ed02464f1c5e"
  integrity sha512-bx7kkp4eLOzp+YclKMOx1P0OzWRH/6Y3EdEvsHC+rhsc7H72GvccwlKfuXlWkiKjnmzlxLTFxsNjA8v+Yj75mQ==
  dependencies:
    "@lezer/common" "^0.16.0"

"@lezer/markdown@^0.16.0":
  version "0.16.0"
  resolved "https://registry.yarnpkg.com/@lezer/markdown/-/markdown-0.16.0.tgz#e628e0f7ac5d86dc3b178f5d2550bb9518e50347"
  integrity sha512-I+UwkCTFz3KpD6en5/yA0CdGqNefJjNrUUhMd5aMq6iDdEXDQjBBUb5jYYYCuSQbwi9icPiFB9ATYLLhwnuYtg==
  dependencies:
    "@lezer/common" "^0.16.0"
    "@lezer/highlight" "^0.16.0"

"@lezer/php@^0.16.0":
  version "0.16.0"
  resolved "https://registry.yarnpkg.com/@lezer/php/-/php-0.16.0.tgz#699e82dfac4ca5e081498a5cc73c45e6c4437c9d"
  integrity sha512-PzuodY733UUPc/2mgyOyCCmrGdfJvAE5iLHMTXARaGUcNNsXXFYFmzhmvUeYPjivk9Thi6KTn1NDQHHeIeOqHA==
  dependencies:
    "@lezer/highlight" "^0.16.0"
    "@lezer/lr" "^0.16.0"

"@lezer/python@^0.16.0":
  version "0.16.0"
  resolved "https://registry.yarnpkg.com/@lezer/python/-/python-0.16.0.tgz#9946d19dc1f35a79bef4e936568dce98974e3cab"
  integrity sha512-jbcidwKGE1TwmozoHel6RwqHc6/gC8KAx8ZwFYUNcIuar20dQTGgyj6MVn85njhm2ZtejUJpTkVr5KS8KGh1CQ==
  dependencies:
    "@lezer/highlight" "^0.16.0"
    "@lezer/lr" "^0.16.0"

"@lezer/rust@^0.16.0":
  version "0.16.1"
  resolved "https://registry.yarnpkg.com/@lezer/rust/-/rust-0.16.1.tgz#e05897913163d67f3663ebf91fd3084629464959"
  integrity sha512-9GuYKKAu+R4CpFWp7srF5gRA0ozuBbsP58h2ii/moWroVfR/5ABHvgQnByg3IMzopUvOIp8bUQzgn9xGho1ZDw==
  dependencies:
    "@lezer/highlight" "^0.16.0"
    "@lezer/lr" "^0.16.0"

"@lezer/xml@^0.16.0":
  version "0.16.0"
  resolved "https://registry.yarnpkg.com/@lezer/xml/-/xml-0.16.0.tgz#e8cba1ceeac4bde2ffe87f08e46949a6502045ec"
  integrity sha512-KtMtVOR+uQlpQt7BI9XHp27ITzIcrCRrsjajk8lFiRANiJRl/hshZFJquVhuS/diKfU1nprwEbQiBdRda+38Fg==
  dependencies:
    "@lezer/highlight" "^0.16.0"
    "@lezer/lr" "^0.16.0"

"@replit/codemirror-vim@^0.20.0":
  version "0.20.0"
  resolved "https://registry.yarnpkg.com/@replit/codemirror-vim/-/codemirror-vim-0.20.0.tgz#72f93ed2c82deb18ebe1bfa96de922fd2d7f4f23"
  integrity sha512-PrrmnDjNaogf+n7sWllirxtl2osEugHd2z9bXAegivW8Yn/b9tl0T7auHdnQzG+Ws4CwSsSvXz/3n8B0/YQfzA==

"@rollup/pluginutils@^4.2.1":
  version "4.2.1"
  resolved "https://registry.yarnpkg.com/@rollup/pluginutils/-/pluginutils-4.2.1.tgz#e6c6c3aba0744edce3fb2074922d3776c0af2a6d"
  integrity sha512-iKnFXr7NkdZAIHiIWE+BX5ULi/ucVFYWD6TbAV+rZctiRTY2PL6tsIKhoIOaoskiWAkgu+VsbXgUVDNLHf+InQ==
  dependencies:
    estree-walker "^2.0.1"
    picomatch "^2.2.2"

"@sveltejs/vite-plugin-svelte@^1.0.0-next.37":
  version "1.0.0-next.42"
  resolved "https://registry.yarnpkg.com/@sveltejs/vite-plugin-svelte/-/vite-plugin-svelte-1.0.0-next.42.tgz#09e5327eb2cda0c067367864ff33c26080847ae9"
  integrity sha512-I8ILzfjVQuOkl6eDHif6/QJhOEBnsA40u6/0RDWK0mujwOr+MfWCWEZEnrTKqa6YIVMO+uktfoknu61chbAIeg==
  dependencies:
    "@rollup/pluginutils" "^4.2.1"
    debug "^4.3.4"
    kleur "^4.1.4"
    magic-string "^0.26.1"
    svelte-hmr "^0.14.11"

"@types/node@*", "@types/node@^17.0.18":
  version "17.0.31"
  resolved "https://registry.yarnpkg.com/@types/node/-/node-17.0.31.tgz#a5bb84ecfa27eec5e1c802c6bbf8139bdb163a5d"
  integrity sha512-AR0x5HbXGqkEx9CadRH3EBYx/VkiUgZIhP4wvPn/+5KIsgpNoyFaRlVe0Zlx9gRtg8fA06a9tskE2MSN7TcG4Q==

"@types/pug@^2.0.4":
  version "2.0.6"
  resolved "https://registry.yarnpkg.com/@types/pug/-/pug-2.0.6.tgz#f830323c88172e66826d0bde413498b61054b5a6"
  integrity sha512-SnHmG9wN1UVmagJOnyo/qkk0Z7gejYxOYYmaAwr5u2yFYfsupN3sg10kyzN8Hep/2zbHxCnsumxOoRIRMBwKCg==

"@types/sass@^1.16.0":
  version "1.43.1"
  resolved "https://registry.yarnpkg.com/@types/sass/-/sass-1.43.1.tgz#86bb0168e9e881d7dade6eba16c9ed6d25dc2f68"
  integrity sha512-BPdoIt1lfJ6B7rw35ncdwBZrAssjcwzI5LByIrYs+tpXlj/CAkuVdRsgZDdP4lq5EjyWzwxZCqAoFyHKFwp32g==
  dependencies:
    "@types/node" "*"

balanced-match@^1.0.0:
  version "1.0.2"
  resolved "https://registry.yarnpkg.com/balanced-match/-/balanced-match-1.0.2.tgz#e83e3a7e3f300b34cb9d87f615fa0cbf357690ee"
  integrity sha512-3oSeUO0TMV67hN1AmbXsK4yaqU7tjiHlbxRDZOpH0KW9+CeX4bRAaX0Anxt0tx2MrpRpWwQaPwIlISEJhYU5Pw==

brace-expansion@^1.1.7:
  version "1.1.11"
  resolved "https://registry.yarnpkg.com/brace-expansion/-/brace-expansion-1.1.11.tgz#3c7fcbf529d87226f3d2f52b966ff5271eb441dd"
  integrity sha512-iCuPHDFgrHX7H2vEI/5xpz07zSHB00TpugqhmYtVmMO6518mCuRMoOYFldEBl0g187ufozdaHgWKcYFb61qGiA==
  dependencies:
    balanced-match "^1.0.0"
    concat-map "0.0.1"

buffer-crc32@^0.2.5:
  version "0.2.13"
  resolved "https://registry.yarnpkg.com/buffer-crc32/-/buffer-crc32-0.2.13.tgz#0d333e3f00eac50aa1454abd30ef8c2a5d9a7242"
  integrity sha1-DTM+PwDqxQqhRUq9MO+MKl2ackI=

concat-map@0.0.1:
  version "0.0.1"
  resolved "https://registry.yarnpkg.com/concat-map/-/concat-map-0.0.1.tgz#d8a96bd77fd68df7793a73036a3ba0d5405d477b"
  integrity sha1-2Klr13/Wjfd5OnMDajug1UBdR3s=

crelt@^1.0.5:
  version "1.0.5"
  resolved "https://registry.yarnpkg.com/crelt/-/crelt-1.0.5.tgz#57c0d52af8c859e354bace1883eb2e1eb182bb94"
  integrity sha512-+BO9wPPi+DWTDcNYhr/W90myha8ptzftZT+LwcmUbbok0rcP/fequmFYCw8NMoH7pkAZQzU78b3kYrlua5a9eA==

debug@^4.3.4:
  version "4.3.4"
  resolved "https://registry.yarnpkg.com/debug/-/debug-4.3.4.tgz#1319f6579357f2338d3337d2cdd4914bb5dcc865"
  integrity sha512-PRWFHuSU3eDtQJPvnNY7Jcket1j0t5OuOsFzPPzsekD52Zl8qUfFIPEiswXqIvHWGVHOgX+7G/vCNNhehwxfkQ==
  dependencies:
    ms "2.1.2"

deepmerge@^4.2.2:
  version "4.2.2"
  resolved "https://registry.yarnpkg.com/deepmerge/-/deepmerge-4.2.2.tgz#44d2ea3679b8f4d4ffba33f03d865fc1e7bf4955"
  integrity sha512-FJ3UgI4gIl+PHZm53knsuSFpE+nESMr7M4v9QcgB7S63Kj/6WqMiFQJpBBYz1Pt+66bZpP3Q7Lye0Oo9MPKEdg==

detect-indent@^6.0.0:
  version "6.1.0"
  resolved "https://registry.yarnpkg.com/detect-indent/-/detect-indent-6.1.0.tgz#592485ebbbf6b3b1ab2be175c8393d04ca0d57e6"
  integrity sha512-reYkTUJAZb9gUuZ2RvVCNhVHdg62RHnJ7WJl8ftMi4diZ6NWlciOzQN88pUhSELEwflJht4oQDv0F0BMlwaYtA==

es6-promise@^3.1.2:
  version "3.3.1"
  resolved "https://registry.yarnpkg.com/es6-promise/-/es6-promise-3.3.1.tgz#a08cdde84ccdbf34d027a1451bc91d4bcd28a613"
  integrity sha1-oIzd6EzNvzTQJ6FFG8kdS80ophM=

esbuild-android-64@0.14.38:
  version "0.14.38"
  resolved "https://registry.yarnpkg.com/esbuild-android-64/-/esbuild-android-64-0.14.38.tgz#5b94a1306df31d55055f64a62ff6b763a47b7f64"
  integrity sha512-aRFxR3scRKkbmNuGAK+Gee3+yFxkTJO/cx83Dkyzo4CnQl/2zVSurtG6+G86EQIZ+w+VYngVyK7P3HyTBKu3nw==

esbuild-android-arm64@0.14.38:
  version "0.14.38"
  resolved "https://registry.yarnpkg.com/esbuild-android-arm64/-/esbuild-android-arm64-0.14.38.tgz#78acc80773d16007de5219ccce544c036abd50b8"
  integrity sha512-L2NgQRWuHFI89IIZIlpAcINy9FvBk6xFVZ7xGdOwIm8VyhX1vNCEqUJO3DPSSy945Gzdg98cxtNt8Grv1CsyhA==

esbuild-darwin-64@0.14.38:
  version "0.14.38"
  resolved "https://registry.yarnpkg.com/esbuild-darwin-64/-/esbuild-darwin-64-0.14.38.tgz#e02b1291f629ebdc2aa46fabfacc9aa28ff6aa46"
  integrity sha512-5JJvgXkX87Pd1Og0u/NJuO7TSqAikAcQQ74gyJ87bqWRVeouky84ICoV4sN6VV53aTW+NE87qLdGY4QA2S7KNA==

esbuild-darwin-arm64@0.14.38:
  version "0.14.38"
  resolved "https://registry.yarnpkg.com/esbuild-darwin-arm64/-/esbuild-darwin-arm64-0.14.38.tgz#01eb6650ec010b18c990e443a6abcca1d71290a9"
  integrity sha512-eqF+OejMI3mC5Dlo9Kdq/Ilbki9sQBw3QlHW3wjLmsLh+quNfHmGMp3Ly1eWm981iGBMdbtSS9+LRvR2T8B3eQ==

esbuild-freebsd-64@0.14.38:
  version "0.14.38"
  resolved "https://registry.yarnpkg.com/esbuild-freebsd-64/-/esbuild-freebsd-64-0.14.38.tgz#790b8786729d4aac7be17648f9ea8e0e16475b5e"
  integrity sha512-epnPbhZUt93xV5cgeY36ZxPXDsQeO55DppzsIgWM8vgiG/Rz+qYDLmh5ts3e+Ln1wA9dQ+nZmVHw+RjaW3I5Ig==

esbuild-freebsd-arm64@0.14.38:
  version "0.14.38"
  resolved "https://registry.yarnpkg.com/esbuild-freebsd-arm64/-/esbuild-freebsd-arm64-0.14.38.tgz#b66340ab28c09c1098e6d9d8ff656db47d7211e6"
  integrity sha512-/9icXUYJWherhk+y5fjPI5yNUdFPtXHQlwP7/K/zg8t8lQdHVj20SqU9/udQmeUo5pDFHMYzcEFfJqgOVeKNNQ==

esbuild-linux-32@0.14.38:
  version "0.14.38"
  resolved "https://registry.yarnpkg.com/esbuild-linux-32/-/esbuild-linux-32-0.14.38.tgz#7927f950986fd39f0ff319e92839455912b67f70"
  integrity sha512-QfgfeNHRFvr2XeHFzP8kOZVnal3QvST3A0cgq32ZrHjSMFTdgXhMhmWdKzRXP/PKcfv3e2OW9tT9PpcjNvaq6g==

esbuild-linux-64@0.14.38:
  version "0.14.38"
  resolved "https://registry.yarnpkg.com/esbuild-linux-64/-/esbuild-linux-64-0.14.38.tgz#4893d07b229d9cfe34a2b3ce586399e73c3ac519"
  integrity sha512-uuZHNmqcs+Bj1qiW9k/HZU3FtIHmYiuxZ/6Aa+/KHb/pFKr7R3aVqvxlAudYI9Fw3St0VCPfv7QBpUITSmBR1Q==

esbuild-linux-arm64@0.14.38:
  version "0.14.38"
  resolved "https://registry.yarnpkg.com/esbuild-linux-arm64/-/esbuild-linux-arm64-0.14.38.tgz#8442402e37d0b8ae946ac616784d9c1a2041056a"
  integrity sha512-HlMGZTEsBrXrivr64eZ/EO0NQM8H8DuSENRok9d+Jtvq8hOLzrxfsAT9U94K3KOGk2XgCmkaI2KD8hX7F97lvA==

esbuild-linux-arm@0.14.38:
  version "0.14.38"
  resolved "https://registry.yarnpkg.com/esbuild-linux-arm/-/esbuild-linux-arm-0.14.38.tgz#d5dbf32d38b7f79be0ec6b5fb2f9251fd9066986"
  integrity sha512-FiFvQe8J3VKTDXG01JbvoVRXQ0x6UZwyrU4IaLBZeq39Bsbatd94Fuc3F1RGqPF5RbIWW7RvkVQjn79ejzysnA==

esbuild-linux-mips64le@0.14.38:
  version "0.14.38"
  resolved "https://registry.yarnpkg.com/esbuild-linux-mips64le/-/esbuild-linux-mips64le-0.14.38.tgz#95081e42f698bbe35d8ccee0e3a237594b337eb5"
  integrity sha512-qd1dLf2v7QBiI5wwfil9j0HG/5YMFBAmMVmdeokbNAMbcg49p25t6IlJFXAeLzogv1AvgaXRXvgFNhScYEUXGQ==

esbuild-linux-ppc64le@0.14.38:
  version "0.14.38"
  resolved "https://registry.yarnpkg.com/esbuild-linux-ppc64le/-/esbuild-linux-ppc64le-0.14.38.tgz#dceb0a1b186f5df679618882a7990bd422089b47"
  integrity sha512-mnbEm7o69gTl60jSuK+nn+pRsRHGtDPfzhrqEUXyCl7CTOCLtWN2bhK8bgsdp6J/2NyS/wHBjs1x8aBWwP2X9Q==

esbuild-linux-riscv64@0.14.38:
  version "0.14.38"
  resolved "https://registry.yarnpkg.com/esbuild-linux-riscv64/-/esbuild-linux-riscv64-0.14.38.tgz#61fb8edb75f475f9208c4a93ab2bfab63821afd2"
  integrity sha512-+p6YKYbuV72uikChRk14FSyNJZ4WfYkffj6Af0/Tw63/6TJX6TnIKE+6D3xtEc7DeDth1fjUOEqm+ApKFXbbVQ==

esbuild-linux-s390x@0.14.38:
  version "0.14.38"
  resolved "https://registry.yarnpkg.com/esbuild-linux-s390x/-/esbuild-linux-s390x-0.14.38.tgz#34c7126a4937406bf6a5e69100185fd702d12fe0"
  integrity sha512-0zUsiDkGJiMHxBQ7JDU8jbaanUY975CdOW1YDrurjrM0vWHfjv9tLQsW9GSyEb/heSK1L5gaweRjzfUVBFoybQ==

esbuild-netbsd-64@0.14.38:
  version "0.14.38"
  resolved "https://registry.yarnpkg.com/esbuild-netbsd-64/-/esbuild-netbsd-64-0.14.38.tgz#322ea9937d9e529183ee281c7996b93eb38a5d95"
  integrity sha512-cljBAApVwkpnJZfnRVThpRBGzCi+a+V9Ofb1fVkKhtrPLDYlHLrSYGtmnoTVWDQdU516qYI8+wOgcGZ4XIZh0Q==

esbuild-openbsd-64@0.14.38:
  version "0.14.38"
  resolved "https://registry.yarnpkg.com/esbuild-openbsd-64/-/esbuild-openbsd-64-0.14.38.tgz#1ca29bb7a2bf09592dcc26afdb45108f08a2cdbd"
  integrity sha512-CDswYr2PWPGEPpLDUO50mL3WO/07EMjnZDNKpmaxUPsrW+kVM3LoAqr/CE8UbzugpEiflYqJsGPLirThRB18IQ==

esbuild-sunos-64@0.14.38:
  version "0.14.38"
  resolved "https://registry.yarnpkg.com/esbuild-sunos-64/-/esbuild-sunos-64-0.14.38.tgz#c9446f7d8ebf45093e7bb0e7045506a88540019b"
  integrity sha512-2mfIoYW58gKcC3bck0j7lD3RZkqYA7MmujFYmSn9l6TiIcAMpuEvqksO+ntBgbLep/eyjpgdplF7b+4T9VJGOA==

esbuild-windows-32@0.14.38:
  version "0.14.38"
  resolved "https://registry.yarnpkg.com/esbuild-windows-32/-/esbuild-windows-32-0.14.38.tgz#f8e9b4602fd0ccbd48e5c8d117ec0ba4040f2ad1"
  integrity sha512-L2BmEeFZATAvU+FJzJiRLFUP+d9RHN+QXpgaOrs2klshoAm1AE6Us4X6fS9k33Uy5SzScn2TpcgecbqJza1Hjw==

esbuild-windows-64@0.14.38:
  version "0.14.38"
  resolved "https://registry.yarnpkg.com/esbuild-windows-64/-/esbuild-windows-64-0.14.38.tgz#280f58e69f78535f470905ce3e43db1746518107"
  integrity sha512-Khy4wVmebnzue8aeSXLC+6clo/hRYeNIm0DyikoEqX+3w3rcvrhzpoix0S+MF9vzh6JFskkIGD7Zx47ODJNyCw==

esbuild-windows-arm64@0.14.38:
  version "0.14.38"
  resolved "https://registry.yarnpkg.com/esbuild-windows-arm64/-/esbuild-windows-arm64-0.14.38.tgz#d97e9ac0f95a4c236d9173fa9f86c983d6a53f54"
  integrity sha512-k3FGCNmHBkqdJXuJszdWciAH77PukEyDsdIryEHn9cKLQFxzhT39dSumeTuggaQcXY57UlmLGIkklWZo2qzHpw==

esbuild@^0.14.27:
  version "0.14.38"
  resolved "https://registry.yarnpkg.com/esbuild/-/esbuild-0.14.38.tgz#99526b778cd9f35532955e26e1709a16cca2fb30"
  integrity sha512-12fzJ0fsm7gVZX1YQ1InkOE5f9Tl7cgf6JPYXRJtPIoE0zkWAbHdPHVPPaLi9tYAcEBqheGzqLn/3RdTOyBfcA==
  optionalDependencies:
    esbuild-android-64 "0.14.38"
    esbuild-android-arm64 "0.14.38"
    esbuild-darwin-64 "0.14.38"
    esbuild-darwin-arm64 "0.14.38"
    esbuild-freebsd-64 "0.14.38"
    esbuild-freebsd-arm64 "0.14.38"
    esbuild-linux-32 "0.14.38"
    esbuild-linux-64 "0.14.38"
    esbuild-linux-arm "0.14.38"
    esbuild-linux-arm64 "0.14.38"
    esbuild-linux-mips64le "0.14.38"
    esbuild-linux-ppc64le "0.14.38"
    esbuild-linux-riscv64 "0.14.38"
    esbuild-linux-s390x "0.14.38"
    esbuild-netbsd-64 "0.14.38"
    esbuild-openbsd-64 "0.14.38"
    esbuild-sunos-64 "0.14.38"
    esbuild-windows-32 "0.14.38"
    esbuild-windows-64 "0.14.38"
    esbuild-windows-arm64 "0.14.38"

estree-walker@^2.0.1:
  version "2.0.2"
  resolved "https://registry.yarnpkg.com/estree-walker/-/estree-walker-2.0.2.tgz#52f010178c2a4c117a7757cfe942adb7d2da4cac"
  integrity sha512-Rfkk/Mp/DL7JVje3u18FxFujQlTNR2q6QfMSMB7AvCBx91NGj/ba3kCfza0f6dVDbw7YlRf/nDrn7pQrCCyQ/w==

fs.realpath@^1.0.0:
  version "1.0.0"
  resolved "https://registry.yarnpkg.com/fs.realpath/-/fs.realpath-1.0.0.tgz#1504ad2523158caa40db4a2787cb01411994ea4f"
  integrity sha1-FQStJSMVjKpA20onh8sBQRmU6k8=

fsevents@~2.3.2:
  version "2.3.2"
  resolved "https://registry.yarnpkg.com/fsevents/-/fsevents-2.3.2.tgz#8a526f78b8fdf4623b709e0b975c52c24c02fd1a"
  integrity sha512-xiqMQR4xAeHTuB9uWm+fFRcIOgKBMiOBP+eXiyT7jsgVCq1bkVygt00oASowB7EdtpOHaaPgKt812P9ab+DDKA==

function-bind@^1.1.1:
  version "1.1.1"
  resolved "https://registry.yarnpkg.com/function-bind/-/function-bind-1.1.1.tgz#a56899d3ea3c9bab874bb9773b7c5ede92f4895d"
  integrity sha512-yIovAzMX49sF8Yl58fSCWJ5svSLuaibPxXQJFLmBObTuCr0Mf1KiPopGM9NiFjiYBCbfaa2Fh6breQ6ANVTI0A==

glob@^7.1.3:
  version "7.2.0"
  resolved "https://registry.yarnpkg.com/glob/-/glob-7.2.0.tgz#d15535af7732e02e948f4c41628bd910293f6023"
  integrity sha512-lmLf6gtyrPq8tTjSmrO94wBeQbFR3HbLHbuyD69wuyQkImp2hWqMGB47OX65FBkPffO641IP9jWa1z4ivqG26Q==
  dependencies:
    fs.realpath "^1.0.0"
    inflight "^1.0.4"
    inherits "2"
    minimatch "^3.0.4"
    once "^1.3.0"
    path-is-absolute "^1.0.0"

graceful-fs@^4.1.3:
  version "4.2.10"
  resolved "https://registry.yarnpkg.com/graceful-fs/-/graceful-fs-4.2.10.tgz#147d3a006da4ca3ce14728c7aefc287c367d7a6c"
  integrity sha512-9ByhssR2fPVsNZj478qUUbKfmL0+t5BDVyjShtyZZLiK7ZDAArFFfopyOTj0M05wE2tJPisA4iTnnXl2YoPvOA==

has@^1.0.3:
  version "1.0.3"
  resolved "https://registry.yarnpkg.com/has/-/has-1.0.3.tgz#722d7cbfc1f6aa8241f16dd814e011e1f41e8796"
  integrity sha512-f2dvO0VU6Oej7RkWJGrehjbzMAjFp5/VKPp5tTpWIV4JHHZK1/BxbFRtf/siA2SWTe09caDmVtYYzWEIbBS4zw==
  dependencies:
    function-bind "^1.1.1"

inflight@^1.0.4:
  version "1.0.6"
  resolved "https://registry.yarnpkg.com/inflight/-/inflight-1.0.6.tgz#49bd6331d7d02d0c09bc910a1075ba8165b56df9"
  integrity sha1-Sb1jMdfQLQwJvJEKEHW6gWW1bfk=
  dependencies:
    once "^1.3.0"
    wrappy "1"

inherits@2:
  version "2.0.4"
  resolved "https://registry.yarnpkg.com/inherits/-/inherits-2.0.4.tgz#0fa2c64f932917c3433a0ded55363aae37416b7c"
  integrity sha512-k/vGaX4/Yla3WzyMCvTQOXYeIHvqOKtnqBduzTHpzpQZzAskKMhZ2K+EnBiSM9zGSoIFeMpXKxa4dYeZIQqewQ==

is-core-module@^2.8.1:
  version "2.9.0"
  resolved "https://registry.yarnpkg.com/is-core-module/-/is-core-module-2.9.0.tgz#e1c34429cd51c6dd9e09e0799e396e27b19a9c69"
  integrity sha512-+5FPy5PnwmO3lvfMb0AsoPaBG+5KHUI0wYFXOtYPnVVVspTFUuMZNfNaNVRt3FZadstu2c8x23vykRW/NBoU6A==
  dependencies:
    has "^1.0.3"

is-plain-object@^5.0.0:
  version "5.0.0"
  resolved "https://registry.yarnpkg.com/is-plain-object/-/is-plain-object-5.0.0.tgz#4427f50ab3429e9025ea7d52e9043a9ef4159344"
  integrity sha512-VRSzKkbMm5jMDoKLbltAkFQ5Qr7VDiTFGXxYFXXowVj387GeGNOCsOH6Msy00SGZ3Fp84b1Naa1psqgcCIEP5Q==

kleur@^4.1.4:
  version "4.1.4"
  resolved "https://registry.yarnpkg.com/kleur/-/kleur-4.1.4.tgz#8c202987d7e577766d039a8cd461934c01cda04d"
  integrity sha512-8QADVssbrFjivHWQU7KkMgptGTl6WAcSdlbBPY4uNF+mWr6DGcKrvY2w4FQJoXch7+fKMjj0dRrL75vk3k23OA==

magic-string@^0.25.7:
  version "0.25.9"
  resolved "https://registry.yarnpkg.com/magic-string/-/magic-string-0.25.9.tgz#de7f9faf91ef8a1c91d02c2e5314c8277dbcdd1c"
  integrity sha512-RmF0AsMzgt25qzqqLc1+MbHmhdx0ojF2Fvs4XnOqz2ZOBXzzkEwc/dJQZCYHAn7v1jbVOjAZfK8msRn4BxO4VQ==
  dependencies:
    sourcemap-codec "^1.4.8"

magic-string@^0.26.1:
  version "0.26.1"
  resolved "https://registry.yarnpkg.com/magic-string/-/magic-string-0.26.1.tgz#ba9b651354fa9512474199acecf9c6dbe93f97fd"
  integrity sha512-ndThHmvgtieXe8J/VGPjG+Apu7v7ItcD5mhEIvOscWjPF/ccOiLxHaSuCAS2G+3x4GKsAbT8u7zdyamupui8Tg==
  dependencies:
    sourcemap-codec "^1.4.8"

min-indent@^1.0.0:
  version "1.0.1"
  resolved "https://registry.yarnpkg.com/min-indent/-/min-indent-1.0.1.tgz#a63f681673b30571fbe8bc25686ae746eefa9869"
  integrity sha512-I9jwMn07Sy/IwOj3zVkVik2JTvgpaykDZEigL6Rx6N9LbMywwUSMtxET+7lVoDLLd3O3IXwJwvuuns8UB/HeAg==

minimatch@^3.0.4:
  version "3.1.2"
  resolved "https://registry.yarnpkg.com/minimatch/-/minimatch-3.1.2.tgz#19cd194bfd3e428f049a70817c038d89ab4be35b"
  integrity sha512-J7p63hRiAjw1NDEww1W7i37+ByIrOWO5XQQAzZ3VOcL0PNybwpfmV/N05zFAzwQ9USyEcX6t3UO+K5aqBQOIHw==
  dependencies:
    brace-expansion "^1.1.7"

minimist@^1.2.0, minimist@^1.2.6:
  version "1.2.6"
  resolved "https://registry.yarnpkg.com/minimist/-/minimist-1.2.6.tgz#8637a5b759ea0d6e98702cfb3a9283323c93af44"
  integrity sha512-Jsjnk4bw3YJqYzbdyBiNsPWHPfO++UGG749Cxs6peCu5Xg4nrena6OVxOYxrQTqww0Jmwt+Ref8rggumkTLz9Q==

mkdirp@^0.5.1:
  version "0.5.6"
  resolved "https://registry.yarnpkg.com/mkdirp/-/mkdirp-0.5.6.tgz#7def03d2432dcae4ba1d611445c48396062255f6"
  integrity sha512-FP+p8RB8OWpF3YZBCrP5gtADmtXApB5AMLn+vdyA+PyxCjrCs00mjyUozssO33cwDeT3wNGdLxJ5M//YqtHAJw==
  dependencies:
    minimist "^1.2.6"

ms@2.1.2:
  version "2.1.2"
  resolved "https://registry.yarnpkg.com/ms/-/ms-2.1.2.tgz#d09d1f357b443f493382a8eb3ccd183872ae6009"
  integrity sha512-sGkPx+VjMtmA6MX27oA4FBFELFCZZ4S4XqeGOXCv68tT+jb3vk/RyaKWP0PTKyWtmLSM0b+adUTEvbs1PEaH2w==

nanoid@^3.3.3:
  version "3.3.4"
  resolved "https://registry.yarnpkg.com/nanoid/-/nanoid-3.3.4.tgz#730b67e3cd09e2deacf03c027c81c9d9dbc5e8ab"
  integrity sha512-MqBkQh/OHTS2egovRtLk45wEyNXwF+cokD+1YPf9u5VfJiRdAiRwB2froX5Co9Rh20xs4siNPm8naNotSD6RBw==

once@^1.3.0:
  version "1.4.0"
  resolved "https://registry.yarnpkg.com/once/-/once-1.4.0.tgz#583b1aa775961d4b113ac17d9c50baef9dd76bd1"
  integrity sha1-WDsap3WWHUsROsF9nFC6753Xa9E=
  dependencies:
    wrappy "1"

path-is-absolute@^1.0.0:
  version "1.0.1"
  resolved "https://registry.yarnpkg.com/path-is-absolute/-/path-is-absolute-1.0.1.tgz#174b9268735534ffbc7ace6bf53a5a9e1b5c5f5f"
  integrity sha1-F0uSaHNVNP+8es5r9TpanhtcX18=

path-parse@^1.0.7:
  version "1.0.7"
  resolved "https://registry.yarnpkg.com/path-parse/-/path-parse-1.0.7.tgz#fbc114b60ca42b30d9daf5858e4bd68bbedb6735"
  integrity sha512-LDJzPVEEEPR+y48z93A0Ed0yXb8pAByGWo/k5YYdYgpY2/2EsOsksJrq7lOHxryrVOn1ejG6oAp8ahvOIQD8sw==

picocolors@^1.0.0:
  version "1.0.0"
  resolved "https://registry.yarnpkg.com/picocolors/-/picocolors-1.0.0.tgz#cb5bdc74ff3f51892236eaf79d68bc44564ab81c"
  integrity sha512-1fygroTLlHu66zi26VoTDv8yRgm0Fccecssto+MhsZ0D/DGW2sm8E8AjW7NU5VVTRt5GxbeZ5qBuJr+HyLYkjQ==

picomatch@^2.2.2:
  version "2.3.1"
  resolved "https://registry.yarnpkg.com/picomatch/-/picomatch-2.3.1.tgz#3ba3833733646d9d3e4995946c1365a67fb07a42"
  integrity sha512-JU3teHTNjmE2VCGFzuY8EXzCDVwEqB2a8fsIvwaStHhAWJEeVd1o1QD80CU6+ZdEXXSLbSsuLwJjkCBWqRQUVA==

postcss@^8.4.13:
  version "8.4.13"
  resolved "https://registry.yarnpkg.com/postcss/-/postcss-8.4.13.tgz#7c87bc268e79f7f86524235821dfdf9f73e5d575"
  integrity sha512-jtL6eTBrza5MPzy8oJLFuUscHDXTV5KcLlqAWHl5q5WYRfnNRGSmOZmOZ1T6Gy7A99mOZfqungmZMpMmCVJ8ZA==
  dependencies:
    nanoid "^3.3.3"
    picocolors "^1.0.0"
    source-map-js "^1.0.2"

resolve@^1.22.0:
  version "1.22.0"
  resolved "https://registry.yarnpkg.com/resolve/-/resolve-1.22.0.tgz#5e0b8c67c15df57a89bdbabe603a002f21731198"
  integrity sha512-Hhtrw0nLeSrFQ7phPp4OOcVjLPIeMnRlr5mcnVuMe7M/7eBn98A3hmFRLoFo3DLZkivSYwhRUJTyPyWAk56WLw==
  dependencies:
    is-core-module "^2.8.1"
    path-parse "^1.0.7"
    supports-preserve-symlinks-flag "^1.0.0"

rimraf@^2.5.2:
  version "2.7.1"
  resolved "https://registry.yarnpkg.com/rimraf/-/rimraf-2.7.1.tgz#35797f13a7fdadc566142c29d4f07ccad483e3ec"
  integrity sha512-uWjbaKIK3T1OSVptzX7Nl6PvQ3qAGtKEtVRjRuazjfL3Bx5eI409VZSqgND+4UNnmzLVdPj9FqFJNPqBZFve4w==
  dependencies:
    glob "^7.1.3"

rollup@^2.59.0:
  version "2.71.1"
  resolved "https://registry.yarnpkg.com/rollup/-/rollup-2.71.1.tgz#82b259af7733dfd1224a8171013aaaad02971a22"
  integrity sha512-lMZk3XfUBGjrrZQpvPSoXcZSfKcJ2Bgn+Z0L1MoW2V8Wh7BVM+LOBJTPo16yul2MwL59cXedzW1ruq3rCjSRgw==
  optionalDependencies:
    fsevents "~2.3.2"

sander@^0.5.0:
  version "0.5.1"
  resolved "https://registry.yarnpkg.com/sander/-/sander-0.5.1.tgz#741e245e231f07cafb6fdf0f133adfa216a502ad"
  integrity sha1-dB4kXiMfB8r7b98PEzrfohalAq0=
  dependencies:
    es6-promise "^3.1.2"
    graceful-fs "^4.1.3"
    mkdirp "^0.5.1"
    rimraf "^2.5.2"

sinuous@^0.28.1:
  version "0.28.1"
  resolved "https://registry.yarnpkg.com/sinuous/-/sinuous-0.28.1.tgz#6c07de0c8b63c116de504ace13d070155b29643a"
  integrity sha512-HQzDwrM8GmhNb78JveYErimyPkAvXpmmFnei04cjJOiya4pWHUyzgHmDcjNHp8YOG8JQGhssY9qI7QPu7HJDwQ==

sorcery@^0.10.0:
  version "0.10.0"
  resolved "https://registry.yarnpkg.com/sorcery/-/sorcery-0.10.0.tgz#8ae90ad7d7cb05fc59f1ab0c637845d5c15a52b7"
  integrity sha1-iukK19fLBfxZ8asMY3hF1cFaUrc=
  dependencies:
    buffer-crc32 "^0.2.5"
    minimist "^1.2.0"
    sander "^0.5.0"
    sourcemap-codec "^1.3.0"

source-map-js@^1.0.2:
  version "1.0.2"
  resolved "https://registry.yarnpkg.com/source-map-js/-/source-map-js-1.0.2.tgz#adbc361d9c62df380125e7f161f71c826f1e490c"
  integrity sha512-R0XvVJ9WusLiqTCEiGCmICCMplcCkIwwR11mOSD9CR5u+IXYdiseeEuXCVAjS54zqwkLcPNnmU4OeJ6tUrWhDw==

sourcemap-codec@^1.3.0, sourcemap-codec@^1.4.8:
  version "1.4.8"
  resolved "https://registry.yarnpkg.com/sourcemap-codec/-/sourcemap-codec-1.4.8.tgz#ea804bd94857402e6992d05a38ef1ae35a9ab4c4"
  integrity sha512-9NykojV5Uih4lgo5So5dtw+f0JgJX30KCNI8gwhz2J9A15wD0Ml6tjHKwf6fTSa6fAdVBdZeNOs9eJ71qCk8vA==

strip-indent@^3.0.0:
  version "3.0.0"
  resolved "https://registry.yarnpkg.com/strip-indent/-/strip-indent-3.0.0.tgz#c32e1cee940b6b3432c771bc2c54bcce73cd3001"
  integrity sha512-laJTa3Jb+VQpaC6DseHhF7dXVqHTfJPCRDaEbid/drOhgitgYku/letMUqOXFoWV0zIIUbjpdH2t+tYj4bQMRQ==
  dependencies:
    min-indent "^1.0.0"

style-mod@^4.0.0:
  version "4.0.0"
  resolved "https://registry.yarnpkg.com/style-mod/-/style-mod-4.0.0.tgz#97e7c2d68b592975f2ca7a63d0dd6fcacfe35a01"
  integrity sha512-OPhtyEjyyN9x3nhPsu76f52yUGXiZcgvsrFVtvTkyGRQJ0XK+GPc6ov1z+lRpbeabka+MYEQxOYRnt5nF30aMw==

supports-preserve-symlinks-flag@^1.0.0:
  version "1.0.0"
  resolved "https://registry.yarnpkg.com/supports-preserve-symlinks-flag/-/supports-preserve-symlinks-flag-1.0.0.tgz#6eda4bd344a3c94aea376d4cc31bc77311039e09"
  integrity sha512-ot0WnXS9fgdkgIcePe6RHNk1WA8+muPa6cSjeR3V8K27q9BB1rTE3R1p7Hv0z1ZyAc8s6Vvv8DIyWf681MAt0w==

svelte-hmr@^0.14.11:
  version "0.14.11"
  resolved "https://registry.yarnpkg.com/svelte-hmr/-/svelte-hmr-0.14.11.tgz#63d532dc9c2c849ab708592f034765fa2502e568"
  integrity sha512-R9CVfX6DXxW1Kn45Jtmx+yUe+sPhrbYSUp7TkzbW0jI5fVPn6lsNG9NEs5dFg5qRhFNAoVdRw5qQDLALNKhwbQ==

svelte-preprocess@^4.10.3:
  version "4.10.6"
  resolved "https://registry.yarnpkg.com/svelte-preprocess/-/svelte-preprocess-4.10.6.tgz#5f9a53e7ed3b85fc7e0841120c725b76ac5a1ba8"
  integrity sha512-I2SV1w/AveMvgIQlUF/ZOO3PYVnhxfcpNyGt8pxpUVhPfyfL/CZBkkw/KPfuFix5FJ9TnnNYMhACK3DtSaYVVQ==
  dependencies:
    "@types/pug" "^2.0.4"
    "@types/sass" "^1.16.0"
    detect-indent "^6.0.0"
    magic-string "^0.25.7"
    sorcery "^0.10.0"
    strip-indent "^3.0.0"

svelte@^3.46.4:
  version "3.48.0"
  resolved "https://registry.yarnpkg.com/svelte/-/svelte-3.48.0.tgz#f98c866d45e155bad8e1e88f15f9c03cd28753d3"
  integrity sha512-fN2YRm/bGumvjUpu6yI3BpvZnpIm9I6A7HR4oUNYd7ggYyIwSA/BX7DJ+UXXffLp6XNcUijyLvttbPVCYa/3xQ==

typescript@^4.4.3:
  version "4.6.4"
  resolved "https://registry.yarnpkg.com/typescript/-/typescript-4.6.4.tgz#caa78bbc3a59e6a5c510d35703f6a09877ce45e9"
  integrity sha512-9ia/jWHIEbo49HfjrLGfKbZSuWo9iTMwXO+Ca3pRsSpbsMbc7/IU8NKdCZVRRBafVPGnoJeFL76ZOAA84I9fEg==

vite@^2.9.7:
  version "2.9.7"
  resolved "https://registry.yarnpkg.com/vite/-/vite-2.9.7.tgz#210c328e08ed206ab0953eb1ca00860042cd0a77"
  integrity sha512-5hH7aNQe8rJiTTqCtPNX/6mIKlGw+1wg8UXwAxDIIN8XaSR+Zx3GT2zSu7QKa1vIaBqfUODGh3vpwY8r0AW/jw==
  dependencies:
    esbuild "^0.14.27"
    postcss "^8.4.13"
    resolve "^1.22.0"
    rollup "^2.59.0"
  optionalDependencies:
    fsevents "~2.3.2"

w3c-keyname@^2.2.4:
  version "2.2.4"
  resolved "https://registry.yarnpkg.com/w3c-keyname/-/w3c-keyname-2.2.4.tgz#4ade6916f6290224cdbd1db8ac49eab03d0eef6b"
  integrity sha512-tOhfEwEzFLJzf6d1ZPkYfGj+FWhIpBux9ppoP3rlclw3Z0BZv3N7b7030Z1kYth+6rDuAsXUFr+d0VE6Ed1ikw==

wrappy@1:
  version "1.0.2"
  resolved "https://registry.yarnpkg.com/wrappy/-/wrappy-1.0.2.tgz#b5243d8f3ec1aa35f1364605bc0d1036e30ab69f"
  integrity sha1-tSQ9jz7BqjXxNkYFvA0QNuMKtp8=
